// !$*UTF8*$!
{
	archiveVersion = 1;
	classes = {
	};
	objectVersion = 46;
	objects = {

/* Begin PBXAggregateTarget section */
		457329286FB9419581294C48 /* ZERO_CHECK */ = {
			isa = PBXAggregateTarget;
			buildConfigurationList = 886D142A65464FC5B5EE8D65 /* Build configuration list for PBXAggregateTarget "ZERO_CHECK" */;
			buildPhases = (
				EF24B9953F5C49A48C49D675 /* CMake Rules */,
			);
			dependencies = (
			);
			name = ZERO_CHECK;
			productName = ZERO_CHECK;
		};
		B15429E0C80D4D3C9B3DF12F /* ALL_BUILD */ = {
			isa = PBXAggregateTarget;
			buildConfigurationList = C81B44CFE3D446B5B42EB555 /* Build configuration list for PBXAggregateTarget "ALL_BUILD" */;
			buildPhases = (
				BA3B5F41DD9C45CBB3E60246 /* CMake Rules */,
			);
			dependencies = (
				31ECE032B11B4DC5AC326455 /* PBXTargetDependency */,
				F37F43A845FA443ABCD0A7F6 /* PBXTargetDependency */,
				A303C871292C47C88F68C297 /* PBXTargetDependency */,
				2FA300ACB9554192964338A8 /* PBXTargetDependency */,
			);
			name = ALL_BUILD;
			productName = ALL_BUILD;
		};
/* End PBXAggregateTarget section */

/* Begin PBXBuildFile section */
		1E8FB0E6F0614EAB9CF2D854 /* PlainFSABuilder.cpp in Sources */ = {isa = PBXBuildFile; fileRef = 8D2E4C3606CE49F7A143E1A5 /* PlainFSABuilder.cpp */; };
		1F7E054895654E1B9A09FD29 /* ArrayFSABuilder.cpp in Sources */ = {isa = PBXBuildFile; fileRef = 13098F1C80A7482F8F00C990 /* ArrayFSABuilder.cpp */; };
		6DBF311FFEA54FED9EFF2AD2 /* ArrayFSABuilder.cpp in Sources */ = {isa = PBXBuildFile; fileRef = 6AEFE13148084718BE95BC53 /* ArrayFSABuilder.cpp */; };
		77DE323F26AE4C7F9ADE8AB0 /* build.cpp in Sources */ = {isa = PBXBuildFile; fileRef = C9898566FC4C4FB4B1EA12E5 /* build.cpp */; };
		7D9E50145E934C399683666C /* test_PlainFSA.cpp in Sources */ = {isa = PBXBuildFile; fileRef = D6AA839903534602A6597E2A /* test_PlainFSA.cpp */; };
		8596F45F754F42939746666C /* ArrayFSABuilder.cpp in Sources */ = {isa = PBXBuildFile; fileRef = 269F312A3A9C4BF49057A4F4 /* ArrayFSABuilder.cpp */; };
		97594F1E0B8C4812B50324E1 /* bench.cpp in Sources */ = {isa = PBXBuildFile; fileRef = EA6797622F924F52B386C0FA /* bench.cpp */; };
		A2977F0BFE6D41D18B263450 /* PlainFSABuilder.cpp in Sources */ = {isa = PBXBuildFile; fileRef = 2442F4B885694751ACD3ECD3 /* PlainFSABuilder.cpp */; };
		CF2D4C4F153E434FA64BCD36 /* PlainFSABuilder.cpp in Sources */ = {isa = PBXBuildFile; fileRef = 8E1A9AAB47F84BDA8097C857 /* PlainFSABuilder.cpp */; };
/* End PBXBuildFile section */

/* Begin PBXContainerItemProxy section */
		1E7DA15BDA6E4B48AEB052BE /* PBXContainerItemProxy */ = {
			isa = PBXContainerItemProxy;
			containerPortal = B537B4F2E8E34987BA684C0D /* Project object */;
			proxyType = 1;
			remoteGlobalIDString = 457329286FB9419581294C48;
			remoteInfo = ZERO_CHECK;
		};
		7A40B9B745E24ADAA7E50719 /* PBXContainerItemProxy */ = {
			isa = PBXContainerItemProxy;
			containerPortal = B537B4F2E8E34987BA684C0D /* Project object */;
			proxyType = 1;
			remoteGlobalIDString = 457329286FB9419581294C48;
			remoteInfo = ZERO_CHECK;
		};
		BFA6B2EFA92F40F4BE7A54CC /* PBXContainerItemProxy */ = {
			isa = PBXContainerItemProxy;
			containerPortal = B537B4F2E8E34987BA684C0D /* Project object */;
			proxyType = 1;
			remoteGlobalIDString = 457329286FB9419581294C48;
			remoteInfo = ZERO_CHECK;
		};
		EB8A3A6AE13944AC8755E14B /* PBXContainerItemProxy */ = {
			isa = PBXContainerItemProxy;
			containerPortal = B537B4F2E8E34987BA684C0D /* Project object */;
			proxyType = 1;
			remoteGlobalIDString = 30C233E399B843DA8CEEE33B;
			remoteInfo = test_PlainFSA;
		};
		EEEB76A8F0D247A787423993 /* PBXContainerItemProxy */ = {
			isa = PBXContainerItemProxy;
			containerPortal = B537B4F2E8E34987BA684C0D /* Project object */;
			proxyType = 1;
			remoteGlobalIDString = 457329286FB9419581294C48;
			remoteInfo = ZERO_CHECK;
		};
		FE0E5F0771B74E8C8BD49ECB /* PBXContainerItemProxy */ = {
			isa = PBXContainerItemProxy;
			containerPortal = B537B4F2E8E34987BA684C0D /* Project object */;
			proxyType = 1;
			remoteGlobalIDString = FD6B1C3B318A4FAEA29B53EC;
			remoteInfo = build;
		};
		FFA7EF293E974403A0EC542E /* PBXContainerItemProxy */ = {
			isa = PBXContainerItemProxy;
			containerPortal = B537B4F2E8E34987BA684C0D /* Project object */;
			proxyType = 1;
			remoteGlobalIDString = 137AD7C95C7E497192D98401;
			remoteInfo = bench;
		};
/* End PBXContainerItemProxy section */

/* Begin PBXFileReference section */
		0106849B992B43DAA8777566 /* CMakeLists.txt */ = {isa = PBXFileReference; explicitFileType = sourcecode.text; fileEncoding = 4; lastKnownFileType = text; path = CMakeLists.txt; sourceTree = SOURCE_ROOT; };
		05C4952ACE5943D799BC8E3C /* CMakeLists.txt */ = {isa = PBXFileReference; explicitFileType = sourcecode.text; fileEncoding = 4; lastKnownFileType = text; path = CMakeLists.txt; sourceTree = SOURCE_ROOT; };
		05D1643B4AF940BEA92F8C97 /* ArrayFSA.hpp */ = {isa = PBXFileReference; explicitFileType = sourcecode.cpp.h; fileEncoding = 4; path = ArrayFSA.hpp; sourceTree = SOURCE_ROOT; };
		089F429E816E48E5834830AD /* PlainFSA.hpp */ = {isa = PBXFileReference; explicitFileType = sourcecode.cpp.h; fileEncoding = 4; path = PlainFSA.hpp; sourceTree = SOURCE_ROOT; };
		13098F1C80A7482F8F00C990 /* ArrayFSABuilder.cpp */ = {isa = PBXFileReference; explicitFileType = sourcecode.cpp.cpp; fileEncoding = 4; path = ArrayFSABuilder.cpp; sourceTree = SOURCE_ROOT; };
		15D88E71995F47C1B4D6829B /* PlainFSABuilder.hpp */ = {isa = PBXFileReference; explicitFileType = sourcecode.cpp.h; fileEncoding = 4; path = PlainFSABuilder.hpp; sourceTree = SOURCE_ROOT; };
		219E0F7DBC9949298FDE7594 /* FsaTools.hpp */ = {isa = PBXFileReference; explicitFileType = sourcecode.cpp.h; fileEncoding = 4; path = FsaTools.hpp; sourceTree = SOURCE_ROOT; };
		2442F4B885694751ACD3ECD3 /* PlainFSABuilder.cpp */ = {isa = PBXFileReference; explicitFileType = sourcecode.cpp.cpp; fileEncoding = 4; path = PlainFSABuilder.cpp; sourceTree = SOURCE_ROOT; };
		269F312A3A9C4BF49057A4F4 /* ArrayFSABuilder.cpp */ = {isa = PBXFileReference; explicitFileType = sourcecode.cpp.cpp; fileEncoding = 4; path = ArrayFSABuilder.cpp; sourceTree = SOURCE_ROOT; };
		278351252C964409A557AB48 /* MorfologikFSA5.hpp */ = {isa = PBXFileReference; explicitFileType = sourcecode.cpp.h; fileEncoding = 4; path = MorfologikFSA5.hpp; sourceTree = SOURCE_ROOT; };
		2DF7660C7DDD461D8D49EE92 /* build */ = {isa = PBXFileReference; explicitFileType = "compiled.mach-o.executable"; path = build; sourceTree = BUILT_PRODUCTS_DIR; };
		313D94F802B644639B6CB9EC /* ArrayFSA.hpp */ = {isa = PBXFileReference; explicitFileType = sourcecode.cpp.h; fileEncoding = 4; path = ArrayFSA.hpp; sourceTree = SOURCE_ROOT; };
		36772273877349DDBDF623C4 /* MorfologikFSA5.hpp */ = {isa = PBXFileReference; explicitFileType = sourcecode.cpp.h; fileEncoding = 4; path = MorfologikFSA5.hpp; sourceTree = SOURCE_ROOT; };
		4DF01D0D0E934E069FA9CFE7 /* CMakeLists.txt */ = {isa = PBXFileReference; explicitFileType = sourcecode.text; fileEncoding = 4; lastKnownFileType = text; path = CMakeLists.txt; sourceTree = SOURCE_ROOT; };
		57CBC06D45274EE79623F99B /* basic.hpp */ = {isa = PBXFileReference; explicitFileType = sourcecode.cpp.h; fileEncoding = 4; path = basic.hpp; sourceTree = SOURCE_ROOT; };
		60A990231CAE4ACF902BCF22 /* test_PlainFSA */ = {isa = PBXFileReference; explicitFileType = "compiled.mach-o.executable"; path = test_PlainFSA; sourceTree = BUILT_PRODUCTS_DIR; };
		6AEFE13148084718BE95BC53 /* ArrayFSABuilder.cpp */ = {isa = PBXFileReference; explicitFileType = sourcecode.cpp.cpp; fileEncoding = 4; path = ArrayFSABuilder.cpp; sourceTree = SOURCE_ROOT; };
		848AD6F739BC48619A389CF5 /* basic.hpp */ = {isa = PBXFileReference; explicitFileType = sourcecode.cpp.h; fileEncoding = 4; path = basic.hpp; sourceTree = SOURCE_ROOT; };
		8C5167BE72654C5CBAD4FB6E /* CMakeLists.txt */ = {isa = PBXFileReference; explicitFileType = sourcecode.text; fileEncoding = 4; lastKnownFileType = text; path = CMakeLists.txt; sourceTree = SOURCE_ROOT; };
		8D2E4C3606CE49F7A143E1A5 /* PlainFSABuilder.cpp */ = {isa = PBXFileReference; explicitFileType = sourcecode.cpp.cpp; fileEncoding = 4; path = PlainFSABuilder.cpp; sourceTree = SOURCE_ROOT; };
		8E1A9AAB47F84BDA8097C857 /* PlainFSABuilder.cpp */ = {isa = PBXFileReference; explicitFileType = sourcecode.cpp.cpp; fileEncoding = 4; path = PlainFSABuilder.cpp; sourceTree = SOURCE_ROOT; };
		995B936335034F2C81F037AD /* MorfologikCFSA2.hpp */ = {isa = PBXFileReference; explicitFileType = sourcecode.cpp.h; fileEncoding = 4; path = MorfologikCFSA2.hpp; sourceTree = SOURCE_ROOT; };
		A7437FFDCAFB4A66A5B74E57 /* PlainFSABuilder.hpp */ = {isa = PBXFileReference; explicitFileType = sourcecode.cpp.h; fileEncoding = 4; path = PlainFSABuilder.hpp; sourceTree = SOURCE_ROOT; };
		B6443B452C404E478B13F782 /* FsaTools.hpp */ = {isa = PBXFileReference; explicitFileType = sourcecode.cpp.h; fileEncoding = 4; path = FsaTools.hpp; sourceTree = SOURCE_ROOT; };
		B8CCA7CAC1A444A1A3F318F2 /* FsaTools.hpp */ = {isa = PBXFileReference; explicitFileType = sourcecode.cpp.h; fileEncoding = 4; path = FsaTools.hpp; sourceTree = SOURCE_ROOT; };
		B96E698F95FE43C7889F33C2 /* MorfologikCFSA2.hpp */ = {isa = PBXFileReference; explicitFileType = sourcecode.cpp.h; fileEncoding = 4; path = MorfologikCFSA2.hpp; sourceTree = SOURCE_ROOT; };
		BEE2AEAD39AA497CBF2071E2 /* MorfologikCFSA2.hpp */ = {isa = PBXFileReference; explicitFileType = sourcecode.cpp.h; fileEncoding = 4; path = MorfologikCFSA2.hpp; sourceTree = SOURCE_ROOT; };
		C1CFC941CF2746D2A636971D /* basic.hpp */ = {isa = PBXFileReference; explicitFileType = sourcecode.cpp.h; fileEncoding = 4; path = basic.hpp; sourceTree = SOURCE_ROOT; };
		C9898566FC4C4FB4B1EA12E5 /* build.cpp */ = {isa = PBXFileReference; explicitFileType = sourcecode.cpp.cpp; fileEncoding = 4; path = build.cpp; sourceTree = SOURCE_ROOT; };
		CD3CB4BE073B499CB7145E05 /* PlainFSA.hpp */ = {isa = PBXFileReference; explicitFileType = sourcecode.cpp.h; fileEncoding = 4; path = PlainFSA.hpp; sourceTree = SOURCE_ROOT; };
		CFECE93D84694BAE8C501EF0 /* ArrayFSA.hpp */ = {isa = PBXFileReference; explicitFileType = sourcecode.cpp.h; fileEncoding = 4; path = ArrayFSA.hpp; sourceTree = SOURCE_ROOT; };
		D6AA839903534602A6597E2A /* test_PlainFSA.cpp */ = {isa = PBXFileReference; explicitFileType = sourcecode.cpp.cpp; fileEncoding = 4; path = test_PlainFSA.cpp; sourceTree = SOURCE_ROOT; };
		E395A5366FDA440F9D418166 /* PlainFSABuilder.hpp */ = {isa = PBXFileReference; explicitFileType = sourcecode.cpp.h; fileEncoding = 4; path = PlainFSABuilder.hpp; sourceTree = SOURCE_ROOT; };
		E4696BB597F54346B6DC5C8F /* PlainFSA.hpp */ = {isa = PBXFileReference; explicitFileType = sourcecode.cpp.h; fileEncoding = 4; path = PlainFSA.hpp; sourceTree = SOURCE_ROOT; };
		E585D68DE4C04E7380ACA193 /* ArrayFSABuilder.hpp */ = {isa = PBXFileReference; explicitFileType = sourcecode.cpp.h; fileEncoding = 4; path = ArrayFSABuilder.hpp; sourceTree = SOURCE_ROOT; };
		E6859FF38B244C92A80A6FAD /* CMakeLists.txt */ = {isa = PBXFileReference; explicitFileType = sourcecode.text; fileEncoding = 4; lastKnownFileType = text; path = CMakeLists.txt; sourceTree = SOURCE_ROOT; };
		E9D6848BDF514D01B7BA5024 /* ArrayFSABuilder.hpp */ = {isa = PBXFileReference; explicitFileType = sourcecode.cpp.h; fileEncoding = 4; path = ArrayFSABuilder.hpp; sourceTree = SOURCE_ROOT; };
		EA6797622F924F52B386C0FA /* bench.cpp */ = {isa = PBXFileReference; explicitFileType = sourcecode.cpp.cpp; fileEncoding = 4; path = bench.cpp; sourceTree = SOURCE_ROOT; };
		EF6D8D8626B74E0CBA9E14ED /* bench */ = {isa = PBXFileReference; explicitFileType = "compiled.mach-o.executable"; path = bench; sourceTree = BUILT_PRODUCTS_DIR; };
		F9212B614DF14CBCB742435A /* MorfologikFSA5.hpp */ = {isa = PBXFileReference; explicitFileType = sourcecode.cpp.h; fileEncoding = 4; path = MorfologikFSA5.hpp; sourceTree = SOURCE_ROOT; };
		FB43FC1A07C249A98C41A4CC /* ArrayFSABuilder.hpp */ = {isa = PBXFileReference; explicitFileType = sourcecode.cpp.h; fileEncoding = 4; path = ArrayFSABuilder.hpp; sourceTree = SOURCE_ROOT; };
/* End PBXFileReference section */

/* Begin PBXGroup section */
		038188DF7F4740D299D117DA /* bench */ = {
			isa = PBXGroup;
			children = (
				B99258B58DA94F66B90C5B8C /* Source Files */,
				1A19B062F09D446E94A16F3D /* Header Files */,
				05C4952ACE5943D799BC8E3C /* CMakeLists.txt */,
			);
			name = bench;
			sourceTree = "<group>";
		};
		1A19B062F09D446E94A16F3D /* Header Files */ = {
			isa = PBXGroup;
			children = (
				05D1643B4AF940BEA92F8C97 /* ArrayFSA.hpp */,
				E585D68DE4C04E7380ACA193 /* ArrayFSABuilder.hpp */,
				B6443B452C404E478B13F782 /* FsaTools.hpp */,
				B96E698F95FE43C7889F33C2 /* MorfologikCFSA2.hpp */,
				36772273877349DDBDF623C4 /* MorfologikFSA5.hpp */,
				089F429E816E48E5834830AD /* PlainFSA.hpp */,
				E395A5366FDA440F9D418166 /* PlainFSABuilder.hpp */,
				848AD6F739BC48619A389CF5 /* basic.hpp */,
			);
			name = "Header Files";
			sourceTree = "<group>";
		};
		3B1DCEF23C524C818C4BA7E2 /* ZERO_CHECK */ = {
			isa = PBXGroup;
			children = (
				C4AFC3D47CAC4F2DA2C56930 /* CMake Rules */,
				8C5167BE72654C5CBAD4FB6E /* CMakeLists.txt */,
			);
			name = ZERO_CHECK;
			sourceTree = "<group>";
		};
		3BEEC0637D1649FFA1CEDB98 /* CMake Rules */ = {
			isa = PBXGroup;
			children = (
			);
			name = "CMake Rules";
			sourceTree = "<group>";
		};
		61017BA17D78405DAFFAA6A0 = {
			isa = PBXGroup;
			children = (
				038188DF7F4740D299D117DA /* bench */,
				8EAA9C5CCB23429EB6A29A96 /* build */,
				EA586C94D15E4E01905689FE /* test_PlainFSA */,
				F83897ADC234406D99BF066D /* ALL_BUILD */,
				3B1DCEF23C524C818C4BA7E2 /* ZERO_CHECK */,
				D2E6BD9B77214470854689F4 /* Products */,
			);
			sourceTree = "<group>";
		};
		7800B4B79D6F46B089AA8EAB /* Source Files */ = {
			isa = PBXGroup;
			children = (
				13098F1C80A7482F8F00C990 /* ArrayFSABuilder.cpp */,
				2442F4B885694751ACD3ECD3 /* PlainFSABuilder.cpp */,
				D6AA839903534602A6597E2A /* test_PlainFSA.cpp */,
			);
			name = "Source Files";
			sourceTree = "<group>";
		};
		8EAA9C5CCB23429EB6A29A96 /* build */ = {
			isa = PBXGroup;
			children = (
				FAA5C5983D3D4E329732C6A9 /* Source Files */,
				A65211D11885479DBB0B92D7 /* Header Files */,
				0106849B992B43DAA8777566 /* CMakeLists.txt */,
			);
			name = build;
			sourceTree = "<group>";
		};
		A65211D11885479DBB0B92D7 /* Header Files */ = {
			isa = PBXGroup;
			children = (
				CFECE93D84694BAE8C501EF0 /* ArrayFSA.hpp */,
				FB43FC1A07C249A98C41A4CC /* ArrayFSABuilder.hpp */,
				B8CCA7CAC1A444A1A3F318F2 /* FsaTools.hpp */,
				995B936335034F2C81F037AD /* MorfologikCFSA2.hpp */,
				278351252C964409A557AB48 /* MorfologikFSA5.hpp */,
				CD3CB4BE073B499CB7145E05 /* PlainFSA.hpp */,
				A7437FFDCAFB4A66A5B74E57 /* PlainFSABuilder.hpp */,
				C1CFC941CF2746D2A636971D /* basic.hpp */,
			);
			name = "Header Files";
			sourceTree = "<group>";
		};
		B99258B58DA94F66B90C5B8C /* Source Files */ = {
			isa = PBXGroup;
			children = (
				6AEFE13148084718BE95BC53 /* ArrayFSABuilder.cpp */,
				8E1A9AAB47F84BDA8097C857 /* PlainFSABuilder.cpp */,
				EA6797622F924F52B386C0FA /* bench.cpp */,
			);
			name = "Source Files";
			sourceTree = "<group>";
		};
		C4AFC3D47CAC4F2DA2C56930 /* CMake Rules */ = {
			isa = PBXGroup;
			children = (
			);
			name = "CMake Rules";
			sourceTree = "<group>";
		};
		D2E6BD9B77214470854689F4 /* Products */ = {
			isa = PBXGroup;
			children = (
				EF6D8D8626B74E0CBA9E14ED /* bench */,
				2DF7660C7DDD461D8D49EE92 /* build */,
				60A990231CAE4ACF902BCF22 /* test_PlainFSA */,
			);
			name = Products;
			sourceTree = "<group>";
		};
		E3F43A9D51E04C0DB1095BBD /* Header Files */ = {
			isa = PBXGroup;
			children = (
				313D94F802B644639B6CB9EC /* ArrayFSA.hpp */,
				E9D6848BDF514D01B7BA5024 /* ArrayFSABuilder.hpp */,
				219E0F7DBC9949298FDE7594 /* FsaTools.hpp */,
				BEE2AEAD39AA497CBF2071E2 /* MorfologikCFSA2.hpp */,
				F9212B614DF14CBCB742435A /* MorfologikFSA5.hpp */,
				E4696BB597F54346B6DC5C8F /* PlainFSA.hpp */,
				15D88E71995F47C1B4D6829B /* PlainFSABuilder.hpp */,
				57CBC06D45274EE79623F99B /* basic.hpp */,
			);
			name = "Header Files";
			sourceTree = "<group>";
		};
		EA586C94D15E4E01905689FE /* test_PlainFSA */ = {
			isa = PBXGroup;
			children = (
				7800B4B79D6F46B089AA8EAB /* Source Files */,
				E3F43A9D51E04C0DB1095BBD /* Header Files */,
				4DF01D0D0E934E069FA9CFE7 /* CMakeLists.txt */,
			);
			name = test_PlainFSA;
			sourceTree = "<group>";
		};
		F83897ADC234406D99BF066D /* ALL_BUILD */ = {
			isa = PBXGroup;
			children = (
				3BEEC0637D1649FFA1CEDB98 /* CMake Rules */,
				E6859FF38B244C92A80A6FAD /* CMakeLists.txt */,
			);
			name = ALL_BUILD;
			sourceTree = "<group>";
		};
		FAA5C5983D3D4E329732C6A9 /* Source Files */ = {
			isa = PBXGroup;
			children = (
				C9898566FC4C4FB4B1EA12E5 /* build.cpp */,
				269F312A3A9C4BF49057A4F4 /* ArrayFSABuilder.cpp */,
				8D2E4C3606CE49F7A143E1A5 /* PlainFSABuilder.cpp */,
			);
			name = "Source Files";
			sourceTree = "<group>";
		};
/* End PBXGroup section */

/* Begin PBXNativeTarget section */
		137AD7C95C7E497192D98401 /* bench */ = {
			isa = PBXNativeTarget;
			buildConfigurationList = 27C74291DF124861A04F760B /* Build configuration list for PBXNativeTarget "bench" */;
			buildPhases = (
				B2BB22B84C1048D88007798C /* Sources */,
			);
			buildRules = (
			);
			dependencies = (
				047CC8E8BFA04663A2CC755A /* PBXTargetDependency */,
			);
			name = bench;
			productName = bench;
			productReference = EF6D8D8626B74E0CBA9E14ED /* bench */;
			productType = "com.apple.product-type.tool";
		};
		30C233E399B843DA8CEEE33B /* test_PlainFSA */ = {
			isa = PBXNativeTarget;
			buildConfigurationList = 2BAA7C4245394BC5A9B4516C /* Build configuration list for PBXNativeTarget "test_PlainFSA" */;
			buildPhases = (
				FF2122BB3570405283D8FBE1 /* Sources */,
			);
			buildRules = (
			);
			dependencies = (
				A28401233C1F406989448A5B /* PBXTargetDependency */,
			);
			name = test_PlainFSA;
			productName = test_PlainFSA;
			productReference = 60A990231CAE4ACF902BCF22 /* test_PlainFSA */;
			productType = "com.apple.product-type.tool";
		};
		FD6B1C3B318A4FAEA29B53EC /* build */ = {
			isa = PBXNativeTarget;
			buildConfigurationList = B57FB61D0E8940CCB1E955AB /* Build configuration list for PBXNativeTarget "build" */;
			buildPhases = (
				44147BB2EA4A41539E13D2C5 /* Sources */,
			);
			buildRules = (
			);
			dependencies = (
				F03076B513CA4AED911F1BE9 /* PBXTargetDependency */,
			);
			name = build;
			productName = build;
			productReference = 2DF7660C7DDD461D8D49EE92 /* build */;
			productType = "com.apple.product-type.tool";
		};
/* End PBXNativeTarget section */

/* Begin PBXProject section */
		B537B4F2E8E34987BA684C0D /* Project object */ = {
			isa = PBXProject;
			attributes = {
				BuildIndependentTargetsInParallel = YES;
				LastUpgradeCheck = 0900;
			};
			buildConfigurationList = 3384A54B6D964E6C90E15F2F /* Build configuration list for PBXProject "array_fsa" */;
			compatibilityVersion = "Xcode 3.2";
			developmentRegion = en;
			hasScannedForEncodings = 0;
			knownRegions = (
				en,
			);
			mainGroup = 61017BA17D78405DAFFAA6A0;
			projectDirPath = "";
			projectRoot = "";
			targets = (
				B15429E0C80D4D3C9B3DF12F /* ALL_BUILD */,
				457329286FB9419581294C48 /* ZERO_CHECK */,
				137AD7C95C7E497192D98401 /* bench */,
				FD6B1C3B318A4FAEA29B53EC /* build */,
				30C233E399B843DA8CEEE33B /* test_PlainFSA */,
			);
		};
/* End PBXProject section */

/* Begin PBXShellScriptBuildPhase section */
		BA3B5F41DD9C45CBB3E60246 /* CMake Rules */ = {
			isa = PBXShellScriptBuildPhase;
			buildActionMask = 2147483647;
			files = (
			);
			name = "CMake Rules";
			runOnlyForDeploymentPostprocessing = 0;
			shellPath = /bin/sh;
			shellScript = "make -C /Users/takumamatsumoto/Labolatory/array-fsa/array-fsa -f /Users/takumamatsumoto/Labolatory/array-fsa/array-fsa/CMakeScripts/ALL_BUILD_cmakeRulesBuildPhase.make$CONFIGURATION all";
			showEnvVarsInLog = 0;
		};
		EF24B9953F5C49A48C49D675 /* CMake Rules */ = {
			isa = PBXShellScriptBuildPhase;
			buildActionMask = 2147483647;
			files = (
			);
			name = "CMake Rules";
			runOnlyForDeploymentPostprocessing = 0;
			shellPath = /bin/sh;
			shellScript = "make -C /Users/takumamatsumoto/Labolatory/array-fsa/array-fsa -f /Users/takumamatsumoto/Labolatory/array-fsa/array-fsa/CMakeScripts/ZERO_CHECK_cmakeRulesBuildPhase.make$CONFIGURATION all";
			showEnvVarsInLog = 0;
		};
/* End PBXShellScriptBuildPhase section */

/* Begin PBXSourcesBuildPhase section */
		44147BB2EA4A41539E13D2C5 /* Sources */ = {
			isa = PBXSourcesBuildPhase;
			buildActionMask = 2147483647;
			files = (
				8596F45F754F42939746666C /* ArrayFSABuilder.cpp in Sources */,
				1E8FB0E6F0614EAB9CF2D854 /* PlainFSABuilder.cpp in Sources */,
				77DE323F26AE4C7F9ADE8AB0 /* build.cpp in Sources */,
			);
			runOnlyForDeploymentPostprocessing = 0;
		};
		B2BB22B84C1048D88007798C /* Sources */ = {
			isa = PBXSourcesBuildPhase;
			buildActionMask = 2147483647;
			files = (
				6DBF311FFEA54FED9EFF2AD2 /* ArrayFSABuilder.cpp in Sources */,
				CF2D4C4F153E434FA64BCD36 /* PlainFSABuilder.cpp in Sources */,
				97594F1E0B8C4812B50324E1 /* bench.cpp in Sources */,
			);
			runOnlyForDeploymentPostprocessing = 0;
		};
		FF2122BB3570405283D8FBE1 /* Sources */ = {
			isa = PBXSourcesBuildPhase;
			buildActionMask = 2147483647;
			files = (
				1F7E054895654E1B9A09FD29 /* ArrayFSABuilder.cpp in Sources */,
				A2977F0BFE6D41D18B263450 /* PlainFSABuilder.cpp in Sources */,
				7D9E50145E934C399683666C /* test_PlainFSA.cpp in Sources */,
			);
			runOnlyForDeploymentPostprocessing = 0;
		};
/* End PBXSourcesBuildPhase section */

/* Begin PBXTargetDependency section */
		047CC8E8BFA04663A2CC755A /* PBXTargetDependency */ = {
			isa = PBXTargetDependency;
			target = 457329286FB9419581294C48 /* ZERO_CHECK */;
			targetProxy = BFA6B2EFA92F40F4BE7A54CC /* PBXContainerItemProxy */;
		};
		2FA300ACB9554192964338A8 /* PBXTargetDependency */ = {
			isa = PBXTargetDependency;
			target = 457329286FB9419581294C48 /* ZERO_CHECK */;
			targetProxy = 1E7DA15BDA6E4B48AEB052BE /* PBXContainerItemProxy */;
		};
		31ECE032B11B4DC5AC326455 /* PBXTargetDependency */ = {
			isa = PBXTargetDependency;
			target = 137AD7C95C7E497192D98401 /* bench */;
			targetProxy = FFA7EF293E974403A0EC542E /* PBXContainerItemProxy */;
		};
		A28401233C1F406989448A5B /* PBXTargetDependency */ = {
			isa = PBXTargetDependency;
			target = 457329286FB9419581294C48 /* ZERO_CHECK */;
			targetProxy = 7A40B9B745E24ADAA7E50719 /* PBXContainerItemProxy */;
		};
		A303C871292C47C88F68C297 /* PBXTargetDependency */ = {
			isa = PBXTargetDependency;
			target = 30C233E399B843DA8CEEE33B /* test_PlainFSA */;
			targetProxy = EB8A3A6AE13944AC8755E14B /* PBXContainerItemProxy */;
		};
		F03076B513CA4AED911F1BE9 /* PBXTargetDependency */ = {
			isa = PBXTargetDependency;
			target = 457329286FB9419581294C48 /* ZERO_CHECK */;
			targetProxy = EEEB76A8F0D247A787423993 /* PBXContainerItemProxy */;
		};
		F37F43A845FA443ABCD0A7F6 /* PBXTargetDependency */ = {
			isa = PBXTargetDependency;
			target = FD6B1C3B318A4FAEA29B53EC /* build */;
			targetProxy = FE0E5F0771B74E8C8BD49ECB /* PBXContainerItemProxy */;
		};
/* End PBXTargetDependency section */

/* Begin XCBuildConfiguration section */
		1D4D90521A7D4A8F85303B90 /* Debug */ = {
			isa = XCBuildConfiguration;
			buildSettings = {
				COMBINE_HIDPI_IMAGES = YES;
				GCC_GENERATE_DEBUGGING_SYMBOLS = YES;
				GCC_INLINES_ARE_PRIVATE_EXTERN = NO;
				GCC_OPTIMIZATION_LEVEL = 0;
				GCC_PREPROCESSOR_DEFINITIONS = "'CMAKE_INTDIR=\"$(CONFIGURATION)$(EFFECTIVE_PLATFORM_NAME)\"'";
				GCC_SYMBOLS_PRIVATE_EXTERN = NO;
				INSTALL_PATH = "";
				OTHER_LDFLAGS = " ";
				OTHER_REZFLAGS = "";
				PRODUCT_NAME = ALL_BUILD;
				SECTORDER_FLAGS = "";
				SYMROOT = "/Users/takumamatsumoto/Labolatory/array-fsa/array-fsa";
				USE_HEADERMAP = NO;
				WARNING_CFLAGS = (
					"-Wmost",
					"-Wno-four-char-constants",
					"-Wno-unknown-pragmas",
					"$(inherited)",
				);
			};
			name = Debug;
		};
		30D363B040FA4D90BEF4B64C /* Release */ = {
			isa = XCBuildConfiguration;
			buildSettings = {
				COMBINE_HIDPI_IMAGES = YES;
				EXECUTABLE_PREFIX = "";
				EXECUTABLE_SUFFIX = "";
				GCC_GENERATE_DEBUGGING_SYMBOLS = NO;
				GCC_INLINES_ARE_PRIVATE_EXTERN = NO;
				GCC_OPTIMIZATION_LEVEL = 3;
				GCC_PREPROCESSOR_DEFINITIONS = "'CMAKE_INTDIR=\"$(CONFIGURATION)$(EFFECTIVE_PLATFORM_NAME)\"'";
				GCC_SYMBOLS_PRIVATE_EXTERN = NO;
				INSTALL_PATH = "";
				LIBRARY_SEARCH_PATHS = "";
				OTHER_CPLUSPLUSFLAGS = (
					"-Wall",
					"-std=c++14",
					"-DNDEBUG",
				);
				OTHER_LDFLAGS = (
					"-Wl,-search_paths_first",
					"-Wl,-headerpad_max_install_names",
				);
				OTHER_REZFLAGS = "";
				PRODUCT_NAME = test_PlainFSA;
				SECTORDER_FLAGS = "";
				SYMROOT = "/Users/takumamatsumoto/Labolatory/array-fsa/array-fsa";
				USE_HEADERMAP = NO;
				WARNING_CFLAGS = (
					"-Wmost",
					"-Wno-four-char-constants",
					"-Wno-unknown-pragmas",
					"$(inherited)",
				);
			};
			name = Release;
		};
		3171FE281A6240F5A9EE9D94 /* RelWithDebInfo */ = {
			isa = XCBuildConfiguration;
			buildSettings = {
				COMBINE_HIDPI_IMAGES = YES;
				EXECUTABLE_PREFIX = "";
				EXECUTABLE_SUFFIX = "";
				GCC_GENERATE_DEBUGGING_SYMBOLS = YES;
				GCC_INLINES_ARE_PRIVATE_EXTERN = NO;
				GCC_OPTIMIZATION_LEVEL = 2;
				GCC_PREPROCESSOR_DEFINITIONS = "'CMAKE_INTDIR=\"$(CONFIGURATION)$(EFFECTIVE_PLATFORM_NAME)\"'";
				GCC_SYMBOLS_PRIVATE_EXTERN = NO;
				INSTALL_PATH = "";
				LIBRARY_SEARCH_PATHS = "";
				OTHER_CPLUSPLUSFLAGS = (
					"-Wall",
					"-std=c++14",
					"-DNDEBUG",
				);
				OTHER_LDFLAGS = (
					"-Wl,-search_paths_first",
					"-Wl,-headerpad_max_install_names",
				);
				OTHER_REZFLAGS = "";
				PRODUCT_NAME = test_PlainFSA;
				SECTORDER_FLAGS = "";
				SYMROOT = "/Users/takumamatsumoto/Labolatory/array-fsa/array-fsa";
				USE_HEADERMAP = NO;
				WARNING_CFLAGS = (
					"-Wmost",
					"-Wno-four-char-constants",
					"-Wno-unknown-pragmas",
					"$(inherited)",
				);
			};
			name = RelWithDebInfo;
		};
		38189A0AD58344ABA8B174DD /* Debug */ = {
			isa = XCBuildConfiguration;
			buildSettings = {
				COMBINE_HIDPI_IMAGES = YES;
				EXECUTABLE_PREFIX = "";
				EXECUTABLE_SUFFIX = "";
				GCC_GENERATE_DEBUGGING_SYMBOLS = YES;
				GCC_INLINES_ARE_PRIVATE_EXTERN = NO;
				GCC_OPTIMIZATION_LEVEL = 0;
				GCC_PREPROCESSOR_DEFINITIONS = "'CMAKE_INTDIR=\"$(CONFIGURATION)$(EFFECTIVE_PLATFORM_NAME)\"'";
				GCC_SYMBOLS_PRIVATE_EXTERN = NO;
				INSTALL_PATH = "";
				LIBRARY_SEARCH_PATHS = "";
				OTHER_CPLUSPLUSFLAGS = (
					"-Wall",
					"-std=c++14",
				);
				OTHER_LDFLAGS = (
					"-Wl,-search_paths_first",
					"-Wl,-headerpad_max_install_names",
				);
				OTHER_REZFLAGS = "";
				PRODUCT_NAME = test_PlainFSA;
				SECTORDER_FLAGS = "";
				SYMROOT = "/Users/takumamatsumoto/Labolatory/array-fsa/array-fsa";
				USE_HEADERMAP = NO;
				WARNING_CFLAGS = (
					"-Wmost",
					"-Wno-four-char-constants",
					"-Wno-unknown-pragmas",
					"$(inherited)",
				);
			};
			name = Debug;
		};
		4AF60AFDCCE246B197B96654 /* RelWithDebInfo */ = {
			isa = XCBuildConfiguration;
			buildSettings = {
				COMBINE_HIDPI_IMAGES = YES;
				EXECUTABLE_PREFIX = "";
				EXECUTABLE_SUFFIX = "";
				GCC_GENERATE_DEBUGGING_SYMBOLS = YES;
				GCC_INLINES_ARE_PRIVATE_EXTERN = NO;
				GCC_OPTIMIZATION_LEVEL = 2;
				GCC_PREPROCESSOR_DEFINITIONS = "'CMAKE_INTDIR=\"$(CONFIGURATION)$(EFFECTIVE_PLATFORM_NAME)\"'";
				GCC_SYMBOLS_PRIVATE_EXTERN = NO;
				INSTALL_PATH = "";
				LIBRARY_SEARCH_PATHS = "";
				OTHER_CPLUSPLUSFLAGS = (
					"-Wall",
					"-std=c++14",
					"-DNDEBUG",
				);
				OTHER_LDFLAGS = (
					"-Wl,-search_paths_first",
					"-Wl,-headerpad_max_install_names",
				);
				OTHER_REZFLAGS = "";
				PRODUCT_NAME = build;
				SECTORDER_FLAGS = "";
				SYMROOT = "/Users/takumamatsumoto/Labolatory/array-fsa/array-fsa";
				USE_HEADERMAP = NO;
				WARNING_CFLAGS = (
					"-Wmost",
					"-Wno-four-char-constants",
					"-Wno-unknown-pragmas",
					"$(inherited)",
				);
			};
			name = RelWithDebInfo;
		};
		4CCAC50F90C6456EB26C0432 /* MinSizeRel */ = {
			isa = XCBuildConfiguration;
			buildSettings = {
				COMBINE_HIDPI_IMAGES = YES;
				EXECUTABLE_PREFIX = "";
				EXECUTABLE_SUFFIX = "";
				GCC_GENERATE_DEBUGGING_SYMBOLS = NO;
				GCC_INLINES_ARE_PRIVATE_EXTERN = NO;
				GCC_OPTIMIZATION_LEVEL = s;
				GCC_PREPROCESSOR_DEFINITIONS = "'CMAKE_INTDIR=\"$(CONFIGURATION)$(EFFECTIVE_PLATFORM_NAME)\"'";
				GCC_SYMBOLS_PRIVATE_EXTERN = NO;
				INSTALL_PATH = "";
				LIBRARY_SEARCH_PATHS = "";
				OTHER_CPLUSPLUSFLAGS = (
					"-Wall",
					"-std=c++14",
					"-DNDEBUG",
				);
				OTHER_LDFLAGS = (
					"-Wl,-search_paths_first",
					"-Wl,-headerpad_max_install_names",
				);
				OTHER_REZFLAGS = "";
				PRODUCT_NAME = bench;
				SECTORDER_FLAGS = "";
				SYMROOT = "/Users/takumamatsumoto/Labolatory/array-fsa/array-fsa";
				USE_HEADERMAP = NO;
				WARNING_CFLAGS = (
					"-Wmost",
					"-Wno-four-char-constants",
					"-Wno-unknown-pragmas",
					"$(inherited)",
				);
			};
			name = MinSizeRel;
		};
		4DFC4611D4B94C0A96E68A2A /* RelWithDebInfo */ = {
			isa = XCBuildConfiguration;
			buildSettings = {
				ONLY_ACTIVE_ARCH = YES;
				SDKROOT = /Applications/Xcode.app/Contents/Developer/Platforms/MacOSX.platform/Developer/SDKs/MacOSX10.13.sdk;
				SYMROOT = "/Users/takumamatsumoto/Labolatory/array-fsa/array-fsa/build";
			};
			name = RelWithDebInfo;
		};
		5D679E19E2B2465681D3D08B /* Debug */ = {
			isa = XCBuildConfiguration;
			buildSettings = {
				COMBINE_HIDPI_IMAGES = YES;
				GCC_GENERATE_DEBUGGING_SYMBOLS = YES;
				GCC_INLINES_ARE_PRIVATE_EXTERN = NO;
				GCC_OPTIMIZATION_LEVEL = 0;
				GCC_PREPROCESSOR_DEFINITIONS = "'CMAKE_INTDIR=\"$(CONFIGURATION)$(EFFECTIVE_PLATFORM_NAME)\"'";
				GCC_SYMBOLS_PRIVATE_EXTERN = NO;
				INSTALL_PATH = "";
				OTHER_LDFLAGS = " ";
				OTHER_REZFLAGS = "";
				PRODUCT_NAME = ZERO_CHECK;
				SECTORDER_FLAGS = "";
				SYMROOT = "/Users/takumamatsumoto/Labolatory/array-fsa/array-fsa";
				USE_HEADERMAP = NO;
				WARNING_CFLAGS = (
					"-Wmost",
					"-Wno-four-char-constants",
					"-Wno-unknown-pragmas",
					"$(inherited)",
				);
			};
			name = Debug;
		};
		6A201270478D42818C22504D /* Debug */ = {
			isa = XCBuildConfiguration;
			buildSettings = {
				COMBINE_HIDPI_IMAGES = YES;
				EXECUTABLE_PREFIX = "";
				EXECUTABLE_SUFFIX = "";
				GCC_GENERATE_DEBUGGING_SYMBOLS = YES;
				GCC_INLINES_ARE_PRIVATE_EXTERN = NO;
				GCC_OPTIMIZATION_LEVEL = 0;
				GCC_PREPROCESSOR_DEFINITIONS = "'CMAKE_INTDIR=\"$(CONFIGURATION)$(EFFECTIVE_PLATFORM_NAME)\"'";
				GCC_SYMBOLS_PRIVATE_EXTERN = NO;
				INSTALL_PATH = "";
				LIBRARY_SEARCH_PATHS = "";
				OTHER_CPLUSPLUSFLAGS = (
					"-Wall",
					"-std=c++14",
				);
				OTHER_LDFLAGS = (
					"-Wl,-search_paths_first",
					"-Wl,-headerpad_max_install_names",
				);
				OTHER_REZFLAGS = "";
				PRODUCT_NAME = bench;
				SECTORDER_FLAGS = "";
				SYMROOT = "/Users/takumamatsumoto/Labolatory/array-fsa/array-fsa";
				USE_HEADERMAP = NO;
				WARNING_CFLAGS = (
					"-Wmost",
					"-Wno-four-char-constants",
					"-Wno-unknown-pragmas",
					"$(inherited)",
				);
			};
			name = Debug;
		};
		6C632CDC483045149CBD3330 /* MinSizeRel */ = {
			isa = XCBuildConfiguration;
			buildSettings = {
				COMBINE_HIDPI_IMAGES = YES;
				EXECUTABLE_PREFIX = "";
				EXECUTABLE_SUFFIX = "";
				GCC_GENERATE_DEBUGGING_SYMBOLS = NO;
				GCC_INLINES_ARE_PRIVATE_EXTERN = NO;
				GCC_OPTIMIZATION_LEVEL = s;
				GCC_PREPROCESSOR_DEFINITIONS = "'CMAKE_INTDIR=\"$(CONFIGURATION)$(EFFECTIVE_PLATFORM_NAME)\"'";
				GCC_SYMBOLS_PRIVATE_EXTERN = NO;
				INSTALL_PATH = "";
				LIBRARY_SEARCH_PATHS = "";
				OTHER_CPLUSPLUSFLAGS = (
					"-Wall",
					"-std=c++14",
					"-DNDEBUG",
				);
				OTHER_LDFLAGS = (
					"-Wl,-search_paths_first",
					"-Wl,-headerpad_max_install_names",
				);
				OTHER_REZFLAGS = "";
				PRODUCT_NAME = build;
				SECTORDER_FLAGS = "";
				SYMROOT = "/Users/takumamatsumoto/Labolatory/array-fsa/array-fsa";
				USE_HEADERMAP = NO;
				WARNING_CFLAGS = (
					"-Wmost",
					"-Wno-four-char-constants",
					"-Wno-unknown-pragmas",
					"$(inherited)",
				);
			};
			name = MinSizeRel;
		};
		6C92F848E3774DA3B4BBAA3A /* Release */ = {
			isa = XCBuildConfiguration;
			buildSettings = {
				COMBINE_HIDPI_IMAGES = YES;
				EXECUTABLE_PREFIX = "";
				EXECUTABLE_SUFFIX = "";
				GCC_GENERATE_DEBUGGING_SYMBOLS = NO;
				GCC_INLINES_ARE_PRIVATE_EXTERN = NO;
				GCC_OPTIMIZATION_LEVEL = 3;
				GCC_PREPROCESSOR_DEFINITIONS = "'CMAKE_INTDIR=\"$(CONFIGURATION)$(EFFECTIVE_PLATFORM_NAME)\"'";
				GCC_SYMBOLS_PRIVATE_EXTERN = NO;
				INSTALL_PATH = "";
				LIBRARY_SEARCH_PATHS = "";
				OTHER_CPLUSPLUSFLAGS = (
					"-Wall",
					"-std=c++14",
					"-DNDEBUG",
				);
				OTHER_LDFLAGS = (
					"-Wl,-search_paths_first",
					"-Wl,-headerpad_max_install_names",
				);
				OTHER_REZFLAGS = "";
				PRODUCT_NAME = bench;
				SECTORDER_FLAGS = "";
				SYMROOT = "/Users/takumamatsumoto/Labolatory/array-fsa/array-fsa";
				USE_HEADERMAP = NO;
				WARNING_CFLAGS = (
					"-Wmost",
					"-Wno-four-char-constants",
					"-Wno-unknown-pragmas",
					"$(inherited)",
				);
			};
			name = Release;
		};
		6E323A59CD854F158F6E7D86 /* Release */ = {
			isa = XCBuildConfiguration;
			buildSettings = {
				COMBINE_HIDPI_IMAGES = YES;
				EXECUTABLE_PREFIX = "";
				EXECUTABLE_SUFFIX = "";
				GCC_GENERATE_DEBUGGING_SYMBOLS = NO;
				GCC_INLINES_ARE_PRIVATE_EXTERN = NO;
				GCC_OPTIMIZATION_LEVEL = 3;
				GCC_PREPROCESSOR_DEFINITIONS = "'CMAKE_INTDIR=\"$(CONFIGURATION)$(EFFECTIVE_PLATFORM_NAME)\"'";
				GCC_SYMBOLS_PRIVATE_EXTERN = NO;
				INSTALL_PATH = "";
				LIBRARY_SEARCH_PATHS = "";
				OTHER_CPLUSPLUSFLAGS = (
					"-Wall",
					"-std=c++14",
					"-DNDEBUG",
				);
				OTHER_LDFLAGS = (
					"-Wl,-search_paths_first",
					"-Wl,-headerpad_max_install_names",
				);
				OTHER_REZFLAGS = "";
				PRODUCT_NAME = build;
				SECTORDER_FLAGS = "";
				SYMROOT = "/Users/takumamatsumoto/Labolatory/array-fsa/array-fsa";
				USE_HEADERMAP = NO;
				WARNING_CFLAGS = (
					"-Wmost",
					"-Wno-four-char-constants",
					"-Wno-unknown-pragmas",
					"$(inherited)",
				);
			};
			name = Release;
		};
		8228E774559E4D66861693F1 /* Release */ = {
			isa = XCBuildConfiguration;
			buildSettings = {
				ONLY_ACTIVE_ARCH = YES;
				SDKROOT = /Applications/Xcode.app/Contents/Developer/Platforms/MacOSX.platform/Developer/SDKs/MacOSX10.13.sdk;
				SYMROOT = "/Users/takumamatsumoto/Labolatory/array-fsa/array-fsa/build";
			};
			name = Release;
		};
		86F1B94D94C84698B65C9CDC /* Release */ = {
			isa = XCBuildConfiguration;
			buildSettings = {
				COMBINE_HIDPI_IMAGES = YES;
				GCC_GENERATE_DEBUGGING_SYMBOLS = YES;
				GCC_INLINES_ARE_PRIVATE_EXTERN = NO;
				GCC_OPTIMIZATION_LEVEL = 0;
				GCC_PREPROCESSOR_DEFINITIONS = "'CMAKE_INTDIR=\"$(CONFIGURATION)$(EFFECTIVE_PLATFORM_NAME)\"'";
				GCC_SYMBOLS_PRIVATE_EXTERN = NO;
				INSTALL_PATH = "";
				OTHER_LDFLAGS = " ";
				OTHER_REZFLAGS = "";
				PRODUCT_NAME = ZERO_CHECK;
				SECTORDER_FLAGS = "";
				SYMROOT = "/Users/takumamatsumoto/Labolatory/array-fsa/array-fsa";
				USE_HEADERMAP = NO;
				WARNING_CFLAGS = (
					"-Wmost",
					"-Wno-four-char-constants",
					"-Wno-unknown-pragmas",
					"$(inherited)",
				);
			};
			name = Release;
		};
		87B77A5F73CE4A0E8DA565D7 /* Debug */ = {
			isa = XCBuildConfiguration;
			buildSettings = {
				COMBINE_HIDPI_IMAGES = YES;
				EXECUTABLE_PREFIX = "";
				EXECUTABLE_SUFFIX = "";
				GCC_GENERATE_DEBUGGING_SYMBOLS = YES;
				GCC_INLINES_ARE_PRIVATE_EXTERN = NO;
				GCC_OPTIMIZATION_LEVEL = 0;
				GCC_PREPROCESSOR_DEFINITIONS = "'CMAKE_INTDIR=\"$(CONFIGURATION)$(EFFECTIVE_PLATFORM_NAME)\"'";
				GCC_SYMBOLS_PRIVATE_EXTERN = NO;
				INSTALL_PATH = "";
				LIBRARY_SEARCH_PATHS = "";
				OTHER_CPLUSPLUSFLAGS = (
					"-Wall",
					"-std=c++14",
				);
				OTHER_LDFLAGS = (
					"-Wl,-search_paths_first",
					"-Wl,-headerpad_max_install_names",
				);
				OTHER_REZFLAGS = "";
				PRODUCT_NAME = build;
				SECTORDER_FLAGS = "";
				SYMROOT = "/Users/takumamatsumoto/Labolatory/array-fsa/array-fsa";
				USE_HEADERMAP = NO;
				WARNING_CFLAGS = (
					"-Wmost",
					"-Wno-four-char-constants",
					"-Wno-unknown-pragmas",
					"$(inherited)",
				);
			};
			name = Debug;
		};
		A6E03C9868744A5B913FF97D /* MinSizeRel */ = {
			isa = XCBuildConfiguration;
			buildSettings = {
				COMBINE_HIDPI_IMAGES = YES;
				GCC_GENERATE_DEBUGGING_SYMBOLS = YES;
				GCC_INLINES_ARE_PRIVATE_EXTERN = NO;
				GCC_OPTIMIZATION_LEVEL = 0;
				GCC_PREPROCESSOR_DEFINITIONS = "'CMAKE_INTDIR=\"$(CONFIGURATION)$(EFFECTIVE_PLATFORM_NAME)\"'";
				GCC_SYMBOLS_PRIVATE_EXTERN = NO;
				INSTALL_PATH = "";
				OTHER_LDFLAGS = " ";
				OTHER_REZFLAGS = "";
				PRODUCT_NAME = ZERO_CHECK;
				SECTORDER_FLAGS = "";
				SYMROOT = "/Users/takumamatsumoto/Labolatory/array-fsa/array-fsa";
				USE_HEADERMAP = NO;
				WARNING_CFLAGS = (
					"-Wmost",
					"-Wno-four-char-constants",
					"-Wno-unknown-pragmas",
					"$(inherited)",
				);
			};
			name = MinSizeRel;
		};
		B086142DDBD9483BA70D729D /* MinSizeRel */ = {
			isa = XCBuildConfiguration;
			buildSettings = {
				COMBINE_HIDPI_IMAGES = YES;
				GCC_GENERATE_DEBUGGING_SYMBOLS = YES;
				GCC_INLINES_ARE_PRIVATE_EXTERN = NO;
				GCC_OPTIMIZATION_LEVEL = 0;
				GCC_PREPROCESSOR_DEFINITIONS = "'CMAKE_INTDIR=\"$(CONFIGURATION)$(EFFECTIVE_PLATFORM_NAME)\"'";
				GCC_SYMBOLS_PRIVATE_EXTERN = NO;
				INSTALL_PATH = "";
				OTHER_LDFLAGS = " ";
				OTHER_REZFLAGS = "";
				PRODUCT_NAME = ALL_BUILD;
				SECTORDER_FLAGS = "";
				SYMROOT = "/Users/takumamatsumoto/Labolatory/array-fsa/array-fsa";
				USE_HEADERMAP = NO;
				WARNING_CFLAGS = (
					"-Wmost",
					"-Wno-four-char-constants",
					"-Wno-unknown-pragmas",
					"$(inherited)",
				);
			};
			name = MinSizeRel;
		};
		BB6FC29AFFAF4E999A47D291 /* RelWithDebInfo */ = {
			isa = XCBuildConfiguration;
			buildSettings = {
				COMBINE_HIDPI_IMAGES = YES;
				GCC_GENERATE_DEBUGGING_SYMBOLS = YES;
				GCC_INLINES_ARE_PRIVATE_EXTERN = NO;
				GCC_OPTIMIZATION_LEVEL = 0;
				GCC_PREPROCESSOR_DEFINITIONS = "'CMAKE_INTDIR=\"$(CONFIGURATION)$(EFFECTIVE_PLATFORM_NAME)\"'";
				GCC_SYMBOLS_PRIVATE_EXTERN = NO;
				INSTALL_PATH = "";
				OTHER_LDFLAGS = " ";
				OTHER_REZFLAGS = "";
				PRODUCT_NAME = ALL_BUILD;
				SECTORDER_FLAGS = "";
				SYMROOT = "/Users/takumamatsumoto/Labolatory/array-fsa/array-fsa";
				USE_HEADERMAP = NO;
				WARNING_CFLAGS = (
					"-Wmost",
					"-Wno-four-char-constants",
					"-Wno-unknown-pragmas",
					"$(inherited)",
				);
			};
			name = RelWithDebInfo;
		};
		C1CC319C30BA4041914F8CF3 /* RelWithDebInfo */ = {
			isa = XCBuildConfiguration;
			buildSettings = {
				COMBINE_HIDPI_IMAGES = YES;
				GCC_GENERATE_DEBUGGING_SYMBOLS = YES;
				GCC_INLINES_ARE_PRIVATE_EXTERN = NO;
				GCC_OPTIMIZATION_LEVEL = 0;
				GCC_PREPROCESSOR_DEFINITIONS = "'CMAKE_INTDIR=\"$(CONFIGURATION)$(EFFECTIVE_PLATFORM_NAME)\"'";
				GCC_SYMBOLS_PRIVATE_EXTERN = NO;
				INSTALL_PATH = "";
				OTHER_LDFLAGS = " ";
				OTHER_REZFLAGS = "";
				PRODUCT_NAME = ZERO_CHECK;
				SECTORDER_FLAGS = "";
				SYMROOT = "/Users/takumamatsumoto/Labolatory/array-fsa/array-fsa";
				USE_HEADERMAP = NO;
				WARNING_CFLAGS = (
					"-Wmost",
					"-Wno-four-char-constants",
					"-Wno-unknown-pragmas",
					"$(inherited)",
				);
			};
			name = RelWithDebInfo;
		};
		D9CB3CCCB6B448069DD0A8EA /* RelWithDebInfo */ = {
			isa = XCBuildConfiguration;
			buildSettings = {
				COMBINE_HIDPI_IMAGES = YES;
				EXECUTABLE_PREFIX = "";
				EXECUTABLE_SUFFIX = "";
				GCC_GENERATE_DEBUGGING_SYMBOLS = YES;
				GCC_INLINES_ARE_PRIVATE_EXTERN = NO;
				GCC_OPTIMIZATION_LEVEL = 2;
				GCC_PREPROCESSOR_DEFINITIONS = "'CMAKE_INTDIR=\"$(CONFIGURATION)$(EFFECTIVE_PLATFORM_NAME)\"'";
				GCC_SYMBOLS_PRIVATE_EXTERN = NO;
				INSTALL_PATH = "";
				LIBRARY_SEARCH_PATHS = "";
				OTHER_CPLUSPLUSFLAGS = (
					"-Wall",
					"-std=c++14",
					"-DNDEBUG",
				);
				OTHER_LDFLAGS = (
					"-Wl,-search_paths_first",
					"-Wl,-headerpad_max_install_names",
				);
				OTHER_REZFLAGS = "";
				PRODUCT_NAME = bench;
				SECTORDER_FLAGS = "";
				SYMROOT = "/Users/takumamatsumoto/Labolatory/array-fsa/array-fsa";
				USE_HEADERMAP = NO;
				WARNING_CFLAGS = (
					"-Wmost",
					"-Wno-four-char-constants",
					"-Wno-unknown-pragmas",
					"$(inherited)",
				);
			};
			name = RelWithDebInfo;
		};
		DBEEEB5D29944B85B9422CF1 /* Debug */ = {
			isa = XCBuildConfiguration;
			buildSettings = {
				ONLY_ACTIVE_ARCH = YES;
				SDKROOT = /Applications/Xcode.app/Contents/Developer/Platforms/MacOSX.platform/Developer/SDKs/MacOSX10.13.sdk;
				SYMROOT = "/Users/takumamatsumoto/Labolatory/array-fsa/array-fsa/build";
			};
			name = Debug;
		};
		E25E60F50571439F885735E4 /* Release */ = {
			isa = XCBuildConfiguration;
			buildSettings = {
				COMBINE_HIDPI_IMAGES = YES;
				GCC_GENERATE_DEBUGGING_SYMBOLS = YES;
				GCC_INLINES_ARE_PRIVATE_EXTERN = NO;
				GCC_OPTIMIZATION_LEVEL = 0;
				GCC_PREPROCESSOR_DEFINITIONS = "'CMAKE_INTDIR=\"$(CONFIGURATION)$(EFFECTIVE_PLATFORM_NAME)\"'";
				GCC_SYMBOLS_PRIVATE_EXTERN = NO;
				INSTALL_PATH = "";
				OTHER_LDFLAGS = " ";
				OTHER_REZFLAGS = "";
				PRODUCT_NAME = ALL_BUILD;
				SECTORDER_FLAGS = "";
				SYMROOT = "/Users/takumamatsumoto/Labolatory/array-fsa/array-fsa";
				USE_HEADERMAP = NO;
				WARNING_CFLAGS = (
					"-Wmost",
					"-Wno-four-char-constants",
					"-Wno-unknown-pragmas",
					"$(inherited)",
				);
			};
			name = Release;
		};
		EC18B051E17B48E09FD0751E /* MinSizeRel */ = {
			isa = XCBuildConfiguration;
			buildSettings = {
				ONLY_ACTIVE_ARCH = YES;
				SDKROOT = /Applications/Xcode.app/Contents/Developer/Platforms/MacOSX.platform/Developer/SDKs/MacOSX10.13.sdk;
				SYMROOT = "/Users/takumamatsumoto/Labolatory/array-fsa/array-fsa/build";
			};
			name = MinSizeRel;
		};
		F470A819ADAB47D699459329 /* MinSizeRel */ = {
			isa = XCBuildConfiguration;
			buildSettings = {
				COMBINE_HIDPI_IMAGES = YES;
				EXECUTABLE_PREFIX = "";
				EXECUTABLE_SUFFIX = "";
				GCC_GENERATE_DEBUGGING_SYMBOLS = NO;
				GCC_INLINES_ARE_PRIVATE_EXTERN = NO;
				GCC_OPTIMIZATION_LEVEL = s;
				GCC_PREPROCESSOR_DEFINITIONS = "'CMAKE_INTDIR=\"$(CONFIGURATION)$(EFFECTIVE_PLATFORM_NAME)\"'";
				GCC_SYMBOLS_PRIVATE_EXTERN = NO;
				INSTALL_PATH = "";
				LIBRARY_SEARCH_PATHS = "";
				OTHER_CPLUSPLUSFLAGS = (
					"-Wall",
					"-std=c++14",
					"-DNDEBUG",
				);
				OTHER_LDFLAGS = (
					"-Wl,-search_paths_first",
					"-Wl,-headerpad_max_install_names",
				);
				OTHER_REZFLAGS = "";
				PRODUCT_NAME = test_PlainFSA;
				SECTORDER_FLAGS = "";
				SYMROOT = "/Users/takumamatsumoto/Labolatory/array-fsa/array-fsa";
				USE_HEADERMAP = NO;
				WARNING_CFLAGS = (
					"-Wmost",
					"-Wno-four-char-constants",
					"-Wno-unknown-pragmas",
					"$(inherited)",
				);
			};
			name = MinSizeRel;
		};
/* End XCBuildConfiguration section */

/* Begin XCConfigurationList section */
		27C74291DF124861A04F760B /* Build configuration list for PBXNativeTarget "bench" */ = {
			isa = XCConfigurationList;
			buildConfigurations = (
				6A201270478D42818C22504D /* Debug */,
				6C92F848E3774DA3B4BBAA3A /* Release */,
				4CCAC50F90C6456EB26C0432 /* MinSizeRel */,
				D9CB3CCCB6B448069DD0A8EA /* RelWithDebInfo */,
			);
			defaultConfigurationIsVisible = 0;
			defaultConfigurationName = Debug;
		};
		2BAA7C4245394BC5A9B4516C /* Build configuration list for PBXNativeTarget "test_PlainFSA" */ = {
			isa = XCConfigurationList;
			buildConfigurations = (
				38189A0AD58344ABA8B174DD /* Debug */,
				30D363B040FA4D90BEF4B64C /* Release */,
				F470A819ADAB47D699459329 /* MinSizeRel */,
				3171FE281A6240F5A9EE9D94 /* RelWithDebInfo */,
			);
			defaultConfigurationIsVisible = 0;
			defaultConfigurationName = Debug;
		};
		3384A54B6D964E6C90E15F2F /* Build configuration list for PBXProject "array_fsa" */ = {
			isa = XCConfigurationList;
			buildConfigurations = (
				DBEEEB5D29944B85B9422CF1 /* Debug */,
				8228E774559E4D66861693F1 /* Release */,
				EC18B051E17B48E09FD0751E /* MinSizeRel */,
				4DFC4611D4B94C0A96E68A2A /* RelWithDebInfo */,
			);
			defaultConfigurationIsVisible = 0;
			defaultConfigurationName = Debug;
		};
		886D142A65464FC5B5EE8D65 /* Build configuration list for PBXAggregateTarget "ZERO_CHECK" */ = {
			isa = XCConfigurationList;
			buildConfigurations = (
				5D679E19E2B2465681D3D08B /* Debug */,
				86F1B94D94C84698B65C9CDC /* Release */,
				A6E03C9868744A5B913FF97D /* MinSizeRel */,
				C1CC319C30BA4041914F8CF3 /* RelWithDebInfo */,
			);
			defaultConfigurationIsVisible = 0;
			defaultConfigurationName = Debug;
		};
		B57FB61D0E8940CCB1E955AB /* Build configuration list for PBXNativeTarget "build" */ = {
			isa = XCConfigurationList;
			buildConfigurations = (
				87B77A5F73CE4A0E8DA565D7 /* Debug */,
				6E323A59CD854F158F6E7D86 /* Release */,
				6C632CDC483045149CBD3330 /* MinSizeRel */,
				4AF60AFDCCE246B197B96654 /* RelWithDebInfo */,
			);
			defaultConfigurationIsVisible = 0;
			defaultConfigurationName = Debug;
		};
		C81B44CFE3D446B5B42EB555 /* Build configuration list for PBXAggregateTarget "ALL_BUILD" */ = {
			isa = XCConfigurationList;
			buildConfigurations = (
				1D4D90521A7D4A8F85303B90 /* Debug */,
				E25E60F50571439F885735E4 /* Release */,
				B086142DDBD9483BA70D729D /* MinSizeRel */,
				BB6FC29AFFAF4E999A47D291 /* RelWithDebInfo */,
			);
			defaultConfigurationIsVisible = 0;
			defaultConfigurationName = Debug;
		};
/* End XCConfigurationList section */
	};
	rootObject = B537B4F2E8E34987BA684C0D /* Project object */;
}
