// !$*UTF8*$!
{
	archiveVersion = 1;
	classes = {
	};
	objectVersion = 46;
	objects = {

/* Begin PBXAggregateTarget section */
		457329286FB9419581294C48 /* ZERO_CHECK */ = {
			isa = PBXAggregateTarget;
			buildConfigurationList = 9465815791054A91881B1FA6 /* Build configuration list for PBXAggregateTarget "ZERO_CHECK" */;
			buildPhases = (
				7B9AC9837A14433A8275776F /* CMake Rules */,
			);
			dependencies = (
			);
			name = ZERO_CHECK;
			productName = ZERO_CHECK;
		};
		B15429E0C80D4D3C9B3DF12F /* ALL_BUILD */ = {
			isa = PBXAggregateTarget;
			buildConfigurationList = 1BD9AB4E2A0843CB92A28A5A /* Build configuration list for PBXAggregateTarget "ALL_BUILD" */;
			buildPhases = (
				C0C1B6DA71554AEEB4C82F3E /* CMake Rules */,
			);
			dependencies = (
				4D0D1F83F7EF46E9A6D36450 /* PBXTargetDependency */,
				6004C5B5F79E45E58E9C3C2E /* PBXTargetDependency */,
				5A70DFD993E24A8E870EBC72 /* PBXTargetDependency */,
				6570386ED742415EBA9A5D34 /* PBXTargetDependency */,
			);
			name = ALL_BUILD;
			productName = ALL_BUILD;
		};
/* End PBXAggregateTarget section */

/* Begin PBXBuildFile section */
		067C42D8194F4AE19057405D /* ArrayFSABuilder.cpp in Sources */ = {isa = PBXBuildFile; fileRef = B137B6EB58D94CACBED97D76 /* ArrayFSABuilder.cpp */; };
		06E2FD5BED5E491C95A993CA /* StringDictBuilder.cpp in Sources */ = {isa = PBXBuildFile; fileRef = 7D115E515E5648F3A12D5F1A /* StringDictBuilder.cpp */; };
		0AF842CACA7F45DDB0123FA1 /* ArrayFSATailBuilder.cpp in Sources */ = {isa = PBXBuildFile; fileRef = BC65D13A561949399202D35E /* ArrayFSATailBuilder.cpp */; };
		28623D650D1940D0B1AF4538 /* DArrayFSABuilder.cpp in Sources */ = {isa = PBXBuildFile; fileRef = 33F867A1B6E4416AB1B710FB /* DArrayFSABuilder.cpp */; };
		28AF6F2A2E874598B217AAB9 /* DArrayFSABuilder.cpp in Sources */ = {isa = PBXBuildFile; fileRef = 78E38FED491A40F78564102F /* DArrayFSABuilder.cpp */; };
		2BE197A529F84F35A0F8A4BB /* DArrayFSABuilder.cpp in Sources */ = {isa = PBXBuildFile; fileRef = B8528FF4EB1C43CDB0E19755 /* DArrayFSABuilder.cpp */; };
		3B13D7A6E3584FAD94E612BE /* ArrayFSATailDACBuilder.cpp in Sources */ = {isa = PBXBuildFile; fileRef = A3C75B9F05844A6E9FC3F8BE /* ArrayFSATailDACBuilder.cpp */; };
		3B76F5EB86C6418DBB06933A /* PlainFSABuilder.cpp in Sources */ = {isa = PBXBuildFile; fileRef = 1DD4C23599FD4F1FB8F0280E /* PlainFSABuilder.cpp */; };
		4701590570BE4673A3E7AE21 /* ArrayFSATailBuilder.cpp in Sources */ = {isa = PBXBuildFile; fileRef = 5453ACD01EFB494EB8289BD7 /* ArrayFSATailBuilder.cpp */; };
		48517F139AC84217B46621F2 /* ArrayDACFSABuilder.cpp in Sources */ = {isa = PBXBuildFile; fileRef = 858B7ACE27FE46D48A38F02B /* ArrayDACFSABuilder.cpp */; };
		691FDAAB30B44293B8E71E46 /* ArrayDACFSABuilder.cpp in Sources */ = {isa = PBXBuildFile; fileRef = FD453B3A207B452AA402D6CF /* ArrayDACFSABuilder.cpp */; };
		6C01F2975BA2452FB8F2124B /* ArrayDACFSABuilder.cpp in Sources */ = {isa = PBXBuildFile; fileRef = CB18A3890B4847949BEABF33 /* ArrayDACFSABuilder.cpp */; };
		7E198A713CB84029A371A3E3 /* ArrayFSABuilder.cpp in Sources */ = {isa = PBXBuildFile; fileRef = B7D13EDC99C54DDAB3989269 /* ArrayFSABuilder.cpp */; };
		A045F83E053C46D088E0872D /* test_PlainFSA.cpp in Sources */ = {isa = PBXBuildFile; fileRef = BFFBA70962334358A6B937FC /* test_PlainFSA.cpp */; };
		A19D505390E84593B86220F7 /* PlainFSABuilder.cpp in Sources */ = {isa = PBXBuildFile; fileRef = FE3EAD3BE037408B8A86D3E9 /* PlainFSABuilder.cpp */; };
		CC6D16E6761048689747BFC1 /* ArrayFSATailBuilder.cpp in Sources */ = {isa = PBXBuildFile; fileRef = 67137E4D811741E1A1363710 /* ArrayFSATailBuilder.cpp */; };
		D2AF0D57A23942FFA9F2210C /* ArrayFSATailDACBuilder.cpp in Sources */ = {isa = PBXBuildFile; fileRef = 09D6A90A350343C3AF92C41F /* ArrayFSATailDACBuilder.cpp */; };
		D88B512424534B60B370C804 /* PlainFSABuilder.cpp in Sources */ = {isa = PBXBuildFile; fileRef = 9112EAE9FB4C4DA49E7E95DF /* PlainFSABuilder.cpp */; };
		DB1907266CC7450D806134C5 /* StringDictBuilder.cpp in Sources */ = {isa = PBXBuildFile; fileRef = 660131B80BCE4127A88EA131 /* StringDictBuilder.cpp */; };
		E7AF85171B904F91A8AE17A1 /* bench.cpp in Sources */ = {isa = PBXBuildFile; fileRef = 8FAE1F7D98CA4903AA2ED478 /* bench.cpp */; };
		E7C74531A60E477F84FC9DF2 /* build.cpp in Sources */ = {isa = PBXBuildFile; fileRef = 752CE8659DD0451BA051BEA3 /* build.cpp */; };
		EBEEE288609B4DF5B62B797B /* ArrayFSATailDACBuilder.cpp in Sources */ = {isa = PBXBuildFile; fileRef = E47C2EE6D96543CDBCCA5147 /* ArrayFSATailDACBuilder.cpp */; };
		F3F5FCF33FF0431B9C0824EF /* StringDictBuilder.cpp in Sources */ = {isa = PBXBuildFile; fileRef = 393377BEC1164916ADFB9276 /* StringDictBuilder.cpp */; };
		F455BCD2F2644508A2F0B025 /* ArrayFSABuilder.cpp in Sources */ = {isa = PBXBuildFile; fileRef = D305E37DD7BE49418B907B72 /* ArrayFSABuilder.cpp */; };
/* End PBXBuildFile section */

/* Begin PBXContainerItemProxy section */
		4795D30AF1224FA7958100A0 /* PBXContainerItemProxy */ = {
			isa = PBXContainerItemProxy;
			containerPortal = B537B4F2E8E34987BA684C0D /* Project object */;
			proxyType = 1;
			remoteGlobalIDString = 457329286FB9419581294C48;
			remoteInfo = ZERO_CHECK;
		};
		542796172D4A4D27B67FA151 /* PBXContainerItemProxy */ = {
			isa = PBXContainerItemProxy;
			containerPortal = B537B4F2E8E34987BA684C0D /* Project object */;
			proxyType = 1;
			remoteGlobalIDString = 457329286FB9419581294C48;
			remoteInfo = ZERO_CHECK;
		};
		7D3C410B4E7E43BCA4B43E06 /* PBXContainerItemProxy */ = {
			isa = PBXContainerItemProxy;
			containerPortal = B537B4F2E8E34987BA684C0D /* Project object */;
			proxyType = 1;
			remoteGlobalIDString = FD6B1C3B318A4FAEA29B53EC;
			remoteInfo = build;
		};
		8D7626AA2DBC471B99143CCD /* PBXContainerItemProxy */ = {
			isa = PBXContainerItemProxy;
			containerPortal = B537B4F2E8E34987BA684C0D /* Project object */;
			proxyType = 1;
			remoteGlobalIDString = 30C233E399B843DA8CEEE33B;
			remoteInfo = test_PlainFSA;
		};
		A959DD54A4C643E6A805BD45 /* PBXContainerItemProxy */ = {
			isa = PBXContainerItemProxy;
			containerPortal = B537B4F2E8E34987BA684C0D /* Project object */;
			proxyType = 1;
			remoteGlobalIDString = 137AD7C95C7E497192D98401;
			remoteInfo = bench;
		};
		B852346BD25A4032BAF5EAA4 /* PBXContainerItemProxy */ = {
			isa = PBXContainerItemProxy;
			containerPortal = B537B4F2E8E34987BA684C0D /* Project object */;
			proxyType = 1;
			remoteGlobalIDString = 457329286FB9419581294C48;
			remoteInfo = ZERO_CHECK;
		};
		F6867D8B10F3457FB234EF7E /* PBXContainerItemProxy */ = {
			isa = PBXContainerItemProxy;
			containerPortal = B537B4F2E8E34987BA684C0D /* Project object */;
			proxyType = 1;
			remoteGlobalIDString = 457329286FB9419581294C48;
			remoteInfo = ZERO_CHECK;
		};
/* End PBXContainerItemProxy section */

/* Begin PBXFileReference section */
		020F02656E5441ECABC01814 /* PlainFSABuilder.hpp */ = {isa = PBXFileReference; explicitFileType = sourcecode.cpp.h; fileEncoding = 4; path = PlainFSABuilder.hpp; sourceTree = SOURCE_ROOT; };
		06908007491B44A4A3DE4B22 /* StringDict.hpp */ = {isa = PBXFileReference; explicitFileType = sourcecode.cpp.h; fileEncoding = 4; path = StringDict.hpp; sourceTree = SOURCE_ROOT; };
		071A375E17224B3EB98B075B /* MorfologikCFSA2.hpp */ = {isa = PBXFileReference; explicitFileType = sourcecode.cpp.h; fileEncoding = 4; path = MorfologikCFSA2.hpp; sourceTree = SOURCE_ROOT; };
		09D6A90A350343C3AF92C41F /* ArrayFSATailDACBuilder.cpp */ = {isa = PBXFileReference; explicitFileType = sourcecode.cpp.cpp; fileEncoding = 4; path = ArrayFSATailDACBuilder.cpp; sourceTree = SOURCE_ROOT; };
		0C6B1F06C66343ACAFF401C5 /* ArrayDACFSARank.hpp */ = {isa = PBXFileReference; explicitFileType = sourcecode.cpp.h; fileEncoding = 4; path = ArrayDACFSARank.hpp; sourceTree = SOURCE_ROOT; };
		0D22F824C4BD4935A0F8389D /* CMakeLists.txt */ = {isa = PBXFileReference; explicitFileType = sourcecode.text; fileEncoding = 4; lastKnownFileType = text; path = CMakeLists.txt; sourceTree = SOURCE_ROOT; };
		0E9777121A1D4D9D80E86EBB /* MorfologikCFSA2.hpp */ = {isa = PBXFileReference; explicitFileType = sourcecode.cpp.h; fileEncoding = 4; path = MorfologikCFSA2.hpp; sourceTree = SOURCE_ROOT; };
		0FC4C50614A34CDB8419784D /* StringDictBuilder.hpp */ = {isa = PBXFileReference; explicitFileType = sourcecode.cpp.h; fileEncoding = 4; path = StringDictBuilder.hpp; sourceTree = SOURCE_ROOT; };
		1138AC887BD44B8F8951CC01 /* ArrayFSA.hpp */ = {isa = PBXFileReference; explicitFileType = sourcecode.cpp.h; fileEncoding = 4; path = ArrayFSA.hpp; sourceTree = SOURCE_ROOT; };
		1B80EDA460004DF6930AB571 /* StringDict.hpp */ = {isa = PBXFileReference; explicitFileType = sourcecode.cpp.h; fileEncoding = 4; path = StringDict.hpp; sourceTree = SOURCE_ROOT; };
		1BD21E069EE745DC843D01CF /* CheckAccessory.hpp */ = {isa = PBXFileReference; explicitFileType = sourcecode.cpp.h; fileEncoding = 4; path = CheckAccessory.hpp; sourceTree = SOURCE_ROOT; };
		1DD4C23599FD4F1FB8F0280E /* PlainFSABuilder.cpp */ = {isa = PBXFileReference; explicitFileType = sourcecode.cpp.cpp; fileEncoding = 4; path = PlainFSABuilder.cpp; sourceTree = SOURCE_ROOT; };
		1E02FC60EA02409ABED3F417 /* ArrayDACFSA.hpp */ = {isa = PBXFileReference; explicitFileType = sourcecode.cpp.h; fileEncoding = 4; path = ArrayDACFSA.hpp; sourceTree = SOURCE_ROOT; };
		1EF2630B9AD646AAB45A0B38 /* ArrayFSABuilder.hpp */ = {isa = PBXFileReference; explicitFileType = sourcecode.cpp.h; fileEncoding = 4; path = ArrayFSABuilder.hpp; sourceTree = SOURCE_ROOT; };
		298A623EC33E4B3B8DCEF1AA /* DArrayFSA.hpp */ = {isa = PBXFileReference; explicitFileType = sourcecode.cpp.h; fileEncoding = 4; path = DArrayFSA.hpp; sourceTree = SOURCE_ROOT; };
		2ACEF50A0F064F2BB2D51D26 /* ArrayDACFSA.hpp */ = {isa = PBXFileReference; explicitFileType = sourcecode.cpp.h; fileEncoding = 4; path = ArrayDACFSA.hpp; sourceTree = SOURCE_ROOT; };
		2B911F767E8A44458E5A6A69 /* StringDict.hpp */ = {isa = PBXFileReference; explicitFileType = sourcecode.cpp.h; fileEncoding = 4; path = StringDict.hpp; sourceTree = SOURCE_ROOT; };
		2C9B370626AE463A9AD59231 /* ArrayDACFSARank.hpp */ = {isa = PBXFileReference; explicitFileType = sourcecode.cpp.h; fileEncoding = 4; path = ArrayDACFSARank.hpp; sourceTree = SOURCE_ROOT; };
		2E2BCE4BC5D54A06B4E53D3D /* test_PlainFSA */ = {isa = PBXFileReference; explicitFileType = "compiled.mach-o.executable"; path = test_PlainFSA; sourceTree = BUILT_PRODUCTS_DIR; };
		2FB175E51B6A4891ADF42CC8 /* MorfologikCFSA2.hpp */ = {isa = PBXFileReference; explicitFileType = sourcecode.cpp.h; fileEncoding = 4; path = MorfologikCFSA2.hpp; sourceTree = SOURCE_ROOT; };
		3259EB0E42CC4D01A4D76376 /* StrDictData.hpp */ = {isa = PBXFileReference; explicitFileType = sourcecode.cpp.h; fileEncoding = 4; path = StrDictData.hpp; sourceTree = SOURCE_ROOT; };
		33F867A1B6E4416AB1B710FB /* DArrayFSABuilder.cpp */ = {isa = PBXFileReference; explicitFileType = sourcecode.cpp.cpp; fileEncoding = 4; path = DArrayFSABuilder.cpp; sourceTree = SOURCE_ROOT; };
		368AB8B0BAD3461D9B2E1FD9 /* DArrayFSA.hpp */ = {isa = PBXFileReference; explicitFileType = sourcecode.cpp.h; fileEncoding = 4; path = DArrayFSA.hpp; sourceTree = SOURCE_ROOT; };
		37BF6197DBE44E91944DAE5F /* DacUnit.hpp */ = {isa = PBXFileReference; explicitFileType = sourcecode.cpp.h; fileEncoding = 4; path = DacUnit.hpp; sourceTree = SOURCE_ROOT; };
		393377BEC1164916ADFB9276 /* StringDictBuilder.cpp */ = {isa = PBXFileReference; explicitFileType = sourcecode.cpp.cpp; fileEncoding = 4; path = StringDictBuilder.cpp; sourceTree = SOURCE_ROOT; };
		3CF1783C56D84AA5AD275F70 /* bench */ = {isa = PBXFileReference; explicitFileType = "compiled.mach-o.executable"; path = bench; sourceTree = BUILT_PRODUCTS_DIR; };
		3E0559667034432A94238A67 /* FsaTools.hpp */ = {isa = PBXFileReference; explicitFileType = sourcecode.cpp.h; fileEncoding = 4; path = FsaTools.hpp; sourceTree = SOURCE_ROOT; };
		3F3F83D3A2E848F0A8B743C5 /* ArrayDACFSABuilder.hpp */ = {isa = PBXFileReference; explicitFileType = sourcecode.cpp.h; fileEncoding = 4; path = ArrayDACFSABuilder.hpp; sourceTree = SOURCE_ROOT; };
		411057074A364B3DBB25BBE0 /* Calc.hpp */ = {isa = PBXFileReference; explicitFileType = sourcecode.cpp.h; fileEncoding = 4; path = Calc.hpp; sourceTree = SOURCE_ROOT; };
		450EE7371A684745A2FD48F1 /* ArrayFSA.hpp */ = {isa = PBXFileReference; explicitFileType = sourcecode.cpp.h; fileEncoding = 4; path = ArrayFSA.hpp; sourceTree = SOURCE_ROOT; };
		45713184259F4ED78C1D0AD9 /* MorfologikFSA5.hpp */ = {isa = PBXFileReference; explicitFileType = sourcecode.cpp.h; fileEncoding = 4; path = MorfologikFSA5.hpp; sourceTree = SOURCE_ROOT; };
		461B5421A6124050A99B3321 /* ArrayFSATailDAC.hpp */ = {isa = PBXFileReference; explicitFileType = sourcecode.cpp.h; fileEncoding = 4; path = ArrayFSATailDAC.hpp; sourceTree = SOURCE_ROOT; };
		4C3172F4C59E45D6999DA846 /* LookupAccessory.hpp */ = {isa = PBXFileReference; explicitFileType = sourcecode.cpp.h; fileEncoding = 4; path = LookupAccessory.hpp; sourceTree = SOURCE_ROOT; };
		4D60E173D3BD4E0487C8AD69 /* MorfologikFSA5.hpp */ = {isa = PBXFileReference; explicitFileType = sourcecode.cpp.h; fileEncoding = 4; path = MorfologikFSA5.hpp; sourceTree = SOURCE_ROOT; };
		53621AFFDEF64B239E069BD7 /* StrDictData.hpp */ = {isa = PBXFileReference; explicitFileType = sourcecode.cpp.h; fileEncoding = 4; path = StrDictData.hpp; sourceTree = SOURCE_ROOT; };
		5453ACD01EFB494EB8289BD7 /* ArrayFSATailBuilder.cpp */ = {isa = PBXFileReference; explicitFileType = sourcecode.cpp.cpp; fileEncoding = 4; path = ArrayFSATailBuilder.cpp; sourceTree = SOURCE_ROOT; };
		5502E1F969A747528021380A /* basic.hpp */ = {isa = PBXFileReference; explicitFileType = sourcecode.cpp.h; fileEncoding = 4; path = basic.hpp; sourceTree = SOURCE_ROOT; };
		56A92D20BC0C42ECAA26E48C /* ArrayDACFSARank.hpp */ = {isa = PBXFileReference; explicitFileType = sourcecode.cpp.h; fileEncoding = 4; path = ArrayDACFSARank.hpp; sourceTree = SOURCE_ROOT; };
		56C2315F129A4723B6D2122F /* ArrayFSATailBuilder.hpp */ = {isa = PBXFileReference; explicitFileType = sourcecode.cpp.h; fileEncoding = 4; path = ArrayFSATailBuilder.hpp; sourceTree = SOURCE_ROOT; };
		60E4AB37051E4F70923BD32A /* ArrayFSATailDACBuilder.hpp */ = {isa = PBXFileReference; explicitFileType = sourcecode.cpp.h; fileEncoding = 4; path = ArrayFSATailDACBuilder.hpp; sourceTree = SOURCE_ROOT; };
		63A5C10BD53D419085811E58 /* NextAccessory.hpp */ = {isa = PBXFileReference; explicitFileType = sourcecode.cpp.h; fileEncoding = 4; path = NextAccessory.hpp; sourceTree = SOURCE_ROOT; };
		660131B80BCE4127A88EA131 /* StringDictBuilder.cpp */ = {isa = PBXFileReference; explicitFileType = sourcecode.cpp.cpp; fileEncoding = 4; path = StringDictBuilder.cpp; sourceTree = SOURCE_ROOT; };
		67137E4D811741E1A1363710 /* ArrayFSATailBuilder.cpp */ = {isa = PBXFileReference; explicitFileType = sourcecode.cpp.cpp; fileEncoding = 4; path = ArrayFSATailBuilder.cpp; sourceTree = SOURCE_ROOT; };
		682810F305E24C639B61901F /* CheckAccessory.hpp */ = {isa = PBXFileReference; explicitFileType = sourcecode.cpp.h; fileEncoding = 4; path = CheckAccessory.hpp; sourceTree = SOURCE_ROOT; };
		6BFF47F3111341CDA58D2ADE /* ArrayFSATail.hpp */ = {isa = PBXFileReference; explicitFileType = sourcecode.cpp.h; fileEncoding = 4; path = ArrayFSATail.hpp; sourceTree = SOURCE_ROOT; };
		7034D752F5FD4F1FBF7C1042 /* ArrayDACFSABuilder.hpp */ = {isa = PBXFileReference; explicitFileType = sourcecode.cpp.h; fileEncoding = 4; path = ArrayDACFSABuilder.hpp; sourceTree = SOURCE_ROOT; };
		752CE8659DD0451BA051BEA3 /* build.cpp */ = {isa = PBXFileReference; explicitFileType = sourcecode.cpp.cpp; fileEncoding = 4; path = build.cpp; sourceTree = SOURCE_ROOT; };
		78E38FED491A40F78564102F /* DArrayFSABuilder.cpp */ = {isa = PBXFileReference; explicitFileType = sourcecode.cpp.cpp; fileEncoding = 4; path = DArrayFSABuilder.cpp; sourceTree = SOURCE_ROOT; };
		7B201F07B19240F5B065D6C9 /* ArrayFSABuilder.hpp */ = {isa = PBXFileReference; explicitFileType = sourcecode.cpp.h; fileEncoding = 4; path = ArrayFSABuilder.hpp; sourceTree = SOURCE_ROOT; };
		7C3C88D39D7249168EC05A37 /* ArrayFSATail.hpp */ = {isa = PBXFileReference; explicitFileType = sourcecode.cpp.h; fileEncoding = 4; path = ArrayFSATail.hpp; sourceTree = SOURCE_ROOT; };
		7D115E515E5648F3A12D5F1A /* StringDictBuilder.cpp */ = {isa = PBXFileReference; explicitFileType = sourcecode.cpp.cpp; fileEncoding = 4; path = StringDictBuilder.cpp; sourceTree = SOURCE_ROOT; };
		81ECB59D526C44FF93E1124C /* Rank.hpp */ = {isa = PBXFileReference; explicitFileType = sourcecode.cpp.h; fileEncoding = 4; path = Rank.hpp; sourceTree = SOURCE_ROOT; };
		858B7ACE27FE46D48A38F02B /* ArrayDACFSABuilder.cpp */ = {isa = PBXFileReference; explicitFileType = sourcecode.cpp.cpp; fileEncoding = 4; path = ArrayDACFSABuilder.cpp; sourceTree = SOURCE_ROOT; };
		885EF8C2EAD94756B47004F5 /* Rank.hpp */ = {isa = PBXFileReference; explicitFileType = sourcecode.cpp.h; fileEncoding = 4; path = Rank.hpp; sourceTree = SOURCE_ROOT; };
		89617C7ACA0840B68814D3FD /* ArrayFSABuilder.hpp */ = {isa = PBXFileReference; explicitFileType = sourcecode.cpp.h; fileEncoding = 4; path = ArrayFSABuilder.hpp; sourceTree = SOURCE_ROOT; };
		8CFF739F3C4A4AE285E04DD5 /* MorfologikFSA5.hpp */ = {isa = PBXFileReference; explicitFileType = sourcecode.cpp.h; fileEncoding = 4; path = MorfologikFSA5.hpp; sourceTree = SOURCE_ROOT; };
		8FAE1F7D98CA4903AA2ED478 /* bench.cpp */ = {isa = PBXFileReference; explicitFileType = sourcecode.cpp.cpp; fileEncoding = 4; path = bench.cpp; sourceTree = SOURCE_ROOT; };
		8FB5F71484B44D5ABCC36D9B /* ArrayDACFSABuilder.hpp */ = {isa = PBXFileReference; explicitFileType = sourcecode.cpp.h; fileEncoding = 4; path = ArrayDACFSABuilder.hpp; sourceTree = SOURCE_ROOT; };
		90CE62AA336046CD998646F6 /* ArrayDACFSA.hpp */ = {isa = PBXFileReference; explicitFileType = sourcecode.cpp.h; fileEncoding = 4; path = ArrayDACFSA.hpp; sourceTree = SOURCE_ROOT; };
		9112EAE9FB4C4DA49E7E95DF /* PlainFSABuilder.cpp */ = {isa = PBXFileReference; explicitFileType = sourcecode.cpp.cpp; fileEncoding = 4; path = PlainFSABuilder.cpp; sourceTree = SOURCE_ROOT; };
		92FF4732165D418DB1BCF9F2 /* CMakeLists.txt */ = {isa = PBXFileReference; explicitFileType = sourcecode.text; fileEncoding = 4; lastKnownFileType = text; path = CMakeLists.txt; sourceTree = SOURCE_ROOT; };
		947297C96E914F2F884E0634 /* PlainFSABuilder.hpp */ = {isa = PBXFileReference; explicitFileType = sourcecode.cpp.h; fileEncoding = 4; path = PlainFSABuilder.hpp; sourceTree = SOURCE_ROOT; };
		96859F1722E54A5D88666DF6 /* Accessory.hpp */ = {isa = PBXFileReference; explicitFileType = sourcecode.cpp.h; fileEncoding = 4; path = Accessory.hpp; sourceTree = SOURCE_ROOT; };
		96DFA4251FE94C1B9E0D115C /* DArrayFSAFrame.hpp */ = {isa = PBXFileReference; explicitFileType = sourcecode.cpp.h; fileEncoding = 4; path = DArrayFSAFrame.hpp; sourceTree = SOURCE_ROOT; };
		9A5E9EF42E794F5EB9CF35B1 /* CMakeLists.txt */ = {isa = PBXFileReference; explicitFileType = sourcecode.text; fileEncoding = 4; lastKnownFileType = text; path = CMakeLists.txt; sourceTree = SOURCE_ROOT; };
		9BA49F5D1BA343FBB78FA69C /* DArrayFSAFrame.hpp */ = {isa = PBXFileReference; explicitFileType = sourcecode.cpp.h; fileEncoding = 4; path = DArrayFSAFrame.hpp; sourceTree = SOURCE_ROOT; };
		9C1A0A52265349E18D66AE8F /* LookupAccessory.hpp */ = {isa = PBXFileReference; explicitFileType = sourcecode.cpp.h; fileEncoding = 4; path = LookupAccessory.hpp; sourceTree = SOURCE_ROOT; };
		9CF02409670C42D9B72DF8B6 /* ArrayFSATailBuilder.hpp */ = {isa = PBXFileReference; explicitFileType = sourcecode.cpp.h; fileEncoding = 4; path = ArrayFSATailBuilder.hpp; sourceTree = SOURCE_ROOT; };
		A00AFA6879924EC0AF86D1B2 /* FinalAccessory.hpp */ = {isa = PBXFileReference; explicitFileType = sourcecode.cpp.h; fileEncoding = 4; path = FinalAccessory.hpp; sourceTree = SOURCE_ROOT; };
		A3C75B9F05844A6E9FC3F8BE /* ArrayFSATailDACBuilder.cpp */ = {isa = PBXFileReference; explicitFileType = sourcecode.cpp.cpp; fileEncoding = 4; path = ArrayFSATailDACBuilder.cpp; sourceTree = SOURCE_ROOT; };
		A4E232A145924E0987FC67DB /* build */ = {isa = PBXFileReference; explicitFileType = "compiled.mach-o.executable"; path = build; sourceTree = BUILT_PRODUCTS_DIR; };
		A51B6D5641304BF6BF812C30 /* ArrayFSATailBuilder.hpp */ = {isa = PBXFileReference; explicitFileType = sourcecode.cpp.h; fileEncoding = 4; path = ArrayFSATailBuilder.hpp; sourceTree = SOURCE_ROOT; };
		A8982C0D2218406BB2D27F87 /* Rank.hpp */ = {isa = PBXFileReference; explicitFileType = sourcecode.cpp.h; fileEncoding = 4; path = Rank.hpp; sourceTree = SOURCE_ROOT; };
		A9335677205F45569AEF54DB /* PlainFSA.hpp */ = {isa = PBXFileReference; explicitFileType = sourcecode.cpp.h; fileEncoding = 4; path = PlainFSA.hpp; sourceTree = SOURCE_ROOT; };
		AA539576EDD64D26B61D4D93 /* ArrayFSATailDAC.hpp */ = {isa = PBXFileReference; explicitFileType = sourcecode.cpp.h; fileEncoding = 4; path = ArrayFSATailDAC.hpp; sourceTree = SOURCE_ROOT; };
		AE95016F782F40778EA53AB4 /* ArrayTri.hpp */ = {isa = PBXFileReference; explicitFileType = sourcecode.cpp.h; fileEncoding = 4; path = ArrayTri.hpp; sourceTree = SOURCE_ROOT; };
		B09483397A484FC2A7D4919C /* ArrayTri.hpp */ = {isa = PBXFileReference; explicitFileType = sourcecode.cpp.h; fileEncoding = 4; path = ArrayTri.hpp; sourceTree = SOURCE_ROOT; };
		B0B1AE2B431E466D95B76BAF /* DacUnit.hpp */ = {isa = PBXFileReference; explicitFileType = sourcecode.cpp.h; fileEncoding = 4; path = DacUnit.hpp; sourceTree = SOURCE_ROOT; };
		B137B6EB58D94CACBED97D76 /* ArrayFSABuilder.cpp */ = {isa = PBXFileReference; explicitFileType = sourcecode.cpp.cpp; fileEncoding = 4; path = ArrayFSABuilder.cpp; sourceTree = SOURCE_ROOT; };
		B25CFC09CC6F4306B71DA990 /* ArrayFSATailDAC.hpp */ = {isa = PBXFileReference; explicitFileType = sourcecode.cpp.h; fileEncoding = 4; path = ArrayFSATailDAC.hpp; sourceTree = SOURCE_ROOT; };
		B43A85E93E4C491D963B5DA8 /* ArrayFSATail.hpp */ = {isa = PBXFileReference; explicitFileType = sourcecode.cpp.h; fileEncoding = 4; path = ArrayFSATail.hpp; sourceTree = SOURCE_ROOT; };
		B56808563CBC444FA03A5E9C /* DacUnit.hpp */ = {isa = PBXFileReference; explicitFileType = sourcecode.cpp.h; fileEncoding = 4; path = DacUnit.hpp; sourceTree = SOURCE_ROOT; };
		B7D13EDC99C54DDAB3989269 /* ArrayFSABuilder.cpp */ = {isa = PBXFileReference; explicitFileType = sourcecode.cpp.cpp; fileEncoding = 4; path = ArrayFSABuilder.cpp; sourceTree = SOURCE_ROOT; };
		B8528FF4EB1C43CDB0E19755 /* DArrayFSABuilder.cpp */ = {isa = PBXFileReference; explicitFileType = sourcecode.cpp.cpp; fileEncoding = 4; path = DArrayFSABuilder.cpp; sourceTree = SOURCE_ROOT; };
		BA27A2A5E4284F18B32E17C7 /* StringDictBuilder.hpp */ = {isa = PBXFileReference; explicitFileType = sourcecode.cpp.h; fileEncoding = 4; path = StringDictBuilder.hpp; sourceTree = SOURCE_ROOT; };
		BC65D13A561949399202D35E /* ArrayFSATailBuilder.cpp */ = {isa = PBXFileReference; explicitFileType = sourcecode.cpp.cpp; fileEncoding = 4; path = ArrayFSATailBuilder.cpp; sourceTree = SOURCE_ROOT; };
		BD393BDCFD7440D9BBA4F98A /* DArrayFSA.hpp */ = {isa = PBXFileReference; explicitFileType = sourcecode.cpp.h; fileEncoding = 4; path = DArrayFSA.hpp; sourceTree = SOURCE_ROOT; };
		BE53C807F00C43F9A0B2F0AC /* PlainFSABuilder.hpp */ = {isa = PBXFileReference; explicitFileType = sourcecode.cpp.h; fileEncoding = 4; path = PlainFSABuilder.hpp; sourceTree = SOURCE_ROOT; };
		BFFBA70962334358A6B937FC /* test_PlainFSA.cpp */ = {isa = PBXFileReference; explicitFileType = sourcecode.cpp.cpp; fileEncoding = 4; path = test_PlainFSA.cpp; sourceTree = SOURCE_ROOT; };
		CB18A3890B4847949BEABF33 /* ArrayDACFSABuilder.cpp */ = {isa = PBXFileReference; explicitFileType = sourcecode.cpp.cpp; fileEncoding = 4; path = ArrayDACFSABuilder.cpp; sourceTree = SOURCE_ROOT; };
		CD04818B63FB4174BFDD1360 /* CMakeLists.txt */ = {isa = PBXFileReference; explicitFileType = sourcecode.text; fileEncoding = 4; lastKnownFileType = text; path = CMakeLists.txt; sourceTree = SOURCE_ROOT; };
		CD940702AEDE4F3D950A9B5B /* ArrayFSATailDACBuilder.hpp */ = {isa = PBXFileReference; explicitFileType = sourcecode.cpp.h; fileEncoding = 4; path = ArrayFSATailDACBuilder.hpp; sourceTree = SOURCE_ROOT; };
		CE2478A8A58D4736B816B26F /* FsaTools.hpp */ = {isa = PBXFileReference; explicitFileType = sourcecode.cpp.h; fileEncoding = 4; path = FsaTools.hpp; sourceTree = SOURCE_ROOT; };
		D305E37DD7BE49418B907B72 /* ArrayFSABuilder.cpp */ = {isa = PBXFileReference; explicitFileType = sourcecode.cpp.cpp; fileEncoding = 4; path = ArrayFSABuilder.cpp; sourceTree = SOURCE_ROOT; };
		D710D1AA6FE54EDA80FE4742 /* basic.hpp */ = {isa = PBXFileReference; explicitFileType = sourcecode.cpp.h; fileEncoding = 4; path = basic.hpp; sourceTree = SOURCE_ROOT; };
		D9E13EC020944A3FB105BCD7 /* CMakeLists.txt */ = {isa = PBXFileReference; explicitFileType = sourcecode.text; fileEncoding = 4; lastKnownFileType = text; path = CMakeLists.txt; sourceTree = SOURCE_ROOT; };
		DAF531E25EC64BD48560636C /* NextAccessory.hpp */ = {isa = PBXFileReference; explicitFileType = sourcecode.cpp.h; fileEncoding = 4; path = NextAccessory.hpp; sourceTree = SOURCE_ROOT; };
		DBB7902741AA4278A47ED231 /* Accessory.hpp */ = {isa = PBXFileReference; explicitFileType = sourcecode.cpp.h; fileEncoding = 4; path = Accessory.hpp; sourceTree = SOURCE_ROOT; };
		DBF338C201ED43279C9656C8 /* FinalAccessory.hpp */ = {isa = PBXFileReference; explicitFileType = sourcecode.cpp.h; fileEncoding = 4; path = FinalAccessory.hpp; sourceTree = SOURCE_ROOT; };
		E42D1EDB267245CCBE1ADB96 /* StrDictData.hpp */ = {isa = PBXFileReference; explicitFileType = sourcecode.cpp.h; fileEncoding = 4; path = StrDictData.hpp; sourceTree = SOURCE_ROOT; };
		E47C2EE6D96543CDBCCA5147 /* ArrayFSATailDACBuilder.cpp */ = {isa = PBXFileReference; explicitFileType = sourcecode.cpp.cpp; fileEncoding = 4; path = ArrayFSATailDACBuilder.cpp; sourceTree = SOURCE_ROOT; };
		E50650BBB64D49E1AC368582 /* Calc.hpp */ = {isa = PBXFileReference; explicitFileType = sourcecode.cpp.h; fileEncoding = 4; path = Calc.hpp; sourceTree = SOURCE_ROOT; };
		E56E565D0B23415E8AC0F967 /* ArrayFSATailDACBuilder.hpp */ = {isa = PBXFileReference; explicitFileType = sourcecode.cpp.h; fileEncoding = 4; path = ArrayFSATailDACBuilder.hpp; sourceTree = SOURCE_ROOT; };
		EC7B37AA80DE46B1AE2ECFC3 /* ArrayFSA.hpp */ = {isa = PBXFileReference; explicitFileType = sourcecode.cpp.h; fileEncoding = 4; path = ArrayFSA.hpp; sourceTree = SOURCE_ROOT; };
		ECB45D5DDE494DF8833032C2 /* ArrayTri.hpp */ = {isa = PBXFileReference; explicitFileType = sourcecode.cpp.h; fileEncoding = 4; path = ArrayTri.hpp; sourceTree = SOURCE_ROOT; };
		ED66C9572CEF4C4BBA60AF61 /* FinalAccessory.hpp */ = {isa = PBXFileReference; explicitFileType = sourcecode.cpp.h; fileEncoding = 4; path = FinalAccessory.hpp; sourceTree = SOURCE_ROOT; };
		EEB8C39D18934535B5B480D3 /* DArrayFSAFrame.hpp */ = {isa = PBXFileReference; explicitFileType = sourcecode.cpp.h; fileEncoding = 4; path = DArrayFSAFrame.hpp; sourceTree = SOURCE_ROOT; };
		EFE7B49DC9414B5C865838B9 /* PlainFSA.hpp */ = {isa = PBXFileReference; explicitFileType = sourcecode.cpp.h; fileEncoding = 4; path = PlainFSA.hpp; sourceTree = SOURCE_ROOT; };
		F533F095F4FC41E49B6068ED /* PlainFSA.hpp */ = {isa = PBXFileReference; explicitFileType = sourcecode.cpp.h; fileEncoding = 4; path = PlainFSA.hpp; sourceTree = SOURCE_ROOT; };
		F554A4555FB849A8BD544F79 /* StringDictBuilder.hpp */ = {isa = PBXFileReference; explicitFileType = sourcecode.cpp.h; fileEncoding = 4; path = StringDictBuilder.hpp; sourceTree = SOURCE_ROOT; };
		F654DBDB05DE421EB320B2EA /* Calc.hpp */ = {isa = PBXFileReference; explicitFileType = sourcecode.cpp.h; fileEncoding = 4; path = Calc.hpp; sourceTree = SOURCE_ROOT; };
		F69D96B8989E498C9E421637 /* LookupAccessory.hpp */ = {isa = PBXFileReference; explicitFileType = sourcecode.cpp.h; fileEncoding = 4; path = LookupAccessory.hpp; sourceTree = SOURCE_ROOT; };
		F94ADE28C0DB4E808B8DCA97 /* CheckAccessory.hpp */ = {isa = PBXFileReference; explicitFileType = sourcecode.cpp.h; fileEncoding = 4; path = CheckAccessory.hpp; sourceTree = SOURCE_ROOT; };
		FBACF41E59534606AA9134B5 /* Accessory.hpp */ = {isa = PBXFileReference; explicitFileType = sourcecode.cpp.h; fileEncoding = 4; path = Accessory.hpp; sourceTree = SOURCE_ROOT; };
		FCE9A6CA49CD43398BF69ED4 /* NextAccessory.hpp */ = {isa = PBXFileReference; explicitFileType = sourcecode.cpp.h; fileEncoding = 4; path = NextAccessory.hpp; sourceTree = SOURCE_ROOT; };
		FD453B3A207B452AA402D6CF /* ArrayDACFSABuilder.cpp */ = {isa = PBXFileReference; explicitFileType = sourcecode.cpp.cpp; fileEncoding = 4; path = ArrayDACFSABuilder.cpp; sourceTree = SOURCE_ROOT; };
		FE3EAD3BE037408B8A86D3E9 /* PlainFSABuilder.cpp */ = {isa = PBXFileReference; explicitFileType = sourcecode.cpp.cpp; fileEncoding = 4; path = PlainFSABuilder.cpp; sourceTree = SOURCE_ROOT; };
		FEB16E37A47A48F1B96D1853 /* basic.hpp */ = {isa = PBXFileReference; explicitFileType = sourcecode.cpp.h; fileEncoding = 4; path = basic.hpp; sourceTree = SOURCE_ROOT; };
		FEC50532F0E548AEA17D8BE7 /* FsaTools.hpp */ = {isa = PBXFileReference; explicitFileType = sourcecode.cpp.h; fileEncoding = 4; path = FsaTools.hpp; sourceTree = SOURCE_ROOT; };
/* End PBXFileReference section */

/* Begin PBXGroup section */
		25A67636EF7D43A5978D9D02 /* Header Files */ = {
			isa = PBXGroup;
			children = (
				96859F1722E54A5D88666DF6 /* Accessory.hpp */,
				1E02FC60EA02409ABED3F417 /* ArrayDACFSA.hpp */,
				8FB5F71484B44D5ABCC36D9B /* ArrayDACFSABuilder.hpp */,
				56A92D20BC0C42ECAA26E48C /* ArrayDACFSARank.hpp */,
				450EE7371A684745A2FD48F1 /* ArrayFSA.hpp */,
				89617C7ACA0840B68814D3FD /* ArrayFSABuilder.hpp */,
				6BFF47F3111341CDA58D2ADE /* ArrayFSATail.hpp */,
				A51B6D5641304BF6BF812C30 /* ArrayFSATailBuilder.hpp */,
				B25CFC09CC6F4306B71DA990 /* ArrayFSATailDAC.hpp */,
				CD940702AEDE4F3D950A9B5B /* ArrayFSATailDACBuilder.hpp */,
				AE95016F782F40778EA53AB4 /* ArrayTri.hpp */,
				E50650BBB64D49E1AC368582 /* Calc.hpp */,
				682810F305E24C639B61901F /* CheckAccessory.hpp */,
				BD393BDCFD7440D9BBA4F98A /* DArrayFSA.hpp */,
				96DFA4251FE94C1B9E0D115C /* DArrayFSAFrame.hpp */,
				B0B1AE2B431E466D95B76BAF /* DacUnit.hpp */,
				ED66C9572CEF4C4BBA60AF61 /* FinalAccessory.hpp */,
				FEC50532F0E548AEA17D8BE7 /* FsaTools.hpp */,
				9C1A0A52265349E18D66AE8F /* LookupAccessory.hpp */,
				071A375E17224B3EB98B075B /* MorfologikCFSA2.hpp */,
				4D60E173D3BD4E0487C8AD69 /* MorfologikFSA5.hpp */,
				FCE9A6CA49CD43398BF69ED4 /* NextAccessory.hpp */,
				EFE7B49DC9414B5C865838B9 /* PlainFSA.hpp */,
				020F02656E5441ECABC01814 /* PlainFSABuilder.hpp */,
				A8982C0D2218406BB2D27F87 /* Rank.hpp */,
				53621AFFDEF64B239E069BD7 /* StrDictData.hpp */,
				2B911F767E8A44458E5A6A69 /* StringDict.hpp */,
				F554A4555FB849A8BD544F79 /* StringDictBuilder.hpp */,
				FEB16E37A47A48F1B96D1853 /* basic.hpp */,
			);
			name = "Header Files";
			sourceTree = "<group>";
		};
		2E8C4ABE156F49D5B53F620A /* CMake Rules */ = {
			isa = PBXGroup;
			children = (
			);
			name = "CMake Rules";
			sourceTree = "<group>";
		};
		56E8790679494BBABE49EA8B /* Header Files */ = {
			isa = PBXGroup;
			children = (
				FBACF41E59534606AA9134B5 /* Accessory.hpp */,
				2ACEF50A0F064F2BB2D51D26 /* ArrayDACFSA.hpp */,
				7034D752F5FD4F1FBF7C1042 /* ArrayDACFSABuilder.hpp */,
				2C9B370626AE463A9AD59231 /* ArrayDACFSARank.hpp */,
				EC7B37AA80DE46B1AE2ECFC3 /* ArrayFSA.hpp */,
				7B201F07B19240F5B065D6C9 /* ArrayFSABuilder.hpp */,
				B43A85E93E4C491D963B5DA8 /* ArrayFSATail.hpp */,
				56C2315F129A4723B6D2122F /* ArrayFSATailBuilder.hpp */,
				461B5421A6124050A99B3321 /* ArrayFSATailDAC.hpp */,
				60E4AB37051E4F70923BD32A /* ArrayFSATailDACBuilder.hpp */,
				B09483397A484FC2A7D4919C /* ArrayTri.hpp */,
				411057074A364B3DBB25BBE0 /* Calc.hpp */,
				1BD21E069EE745DC843D01CF /* CheckAccessory.hpp */,
				368AB8B0BAD3461D9B2E1FD9 /* DArrayFSA.hpp */,
				EEB8C39D18934535B5B480D3 /* DArrayFSAFrame.hpp */,
				37BF6197DBE44E91944DAE5F /* DacUnit.hpp */,
				DBF338C201ED43279C9656C8 /* FinalAccessory.hpp */,
				CE2478A8A58D4736B816B26F /* FsaTools.hpp */,
				F69D96B8989E498C9E421637 /* LookupAccessory.hpp */,
				2FB175E51B6A4891ADF42CC8 /* MorfologikCFSA2.hpp */,
				45713184259F4ED78C1D0AD9 /* MorfologikFSA5.hpp */,
				63A5C10BD53D419085811E58 /* NextAccessory.hpp */,
				F533F095F4FC41E49B6068ED /* PlainFSA.hpp */,
				947297C96E914F2F884E0634 /* PlainFSABuilder.hpp */,
				81ECB59D526C44FF93E1124C /* Rank.hpp */,
				E42D1EDB267245CCBE1ADB96 /* StrDictData.hpp */,
				06908007491B44A4A3DE4B22 /* StringDict.hpp */,
				BA27A2A5E4284F18B32E17C7 /* StringDictBuilder.hpp */,
				D710D1AA6FE54EDA80FE4742 /* basic.hpp */,
			);
			name = "Header Files";
			sourceTree = "<group>";
		};
		68D957E3EB9F4EE99DEDD64C /* Source Files */ = {
			isa = PBXGroup;
			children = (
				858B7ACE27FE46D48A38F02B /* ArrayDACFSABuilder.cpp */,
				D305E37DD7BE49418B907B72 /* ArrayFSABuilder.cpp */,
				5453ACD01EFB494EB8289BD7 /* ArrayFSATailBuilder.cpp */,
				09D6A90A350343C3AF92C41F /* ArrayFSATailDACBuilder.cpp */,
				33F867A1B6E4416AB1B710FB /* DArrayFSABuilder.cpp */,
				9112EAE9FB4C4DA49E7E95DF /* PlainFSABuilder.cpp */,
				393377BEC1164916ADFB9276 /* StringDictBuilder.cpp */,
				BFFBA70962334358A6B937FC /* test_PlainFSA.cpp */,
			);
			name = "Source Files";
			sourceTree = "<group>";
		};
		6A5F80D5AB0F448BB90A9101 /* build */ = {
			isa = PBXGroup;
			children = (
				ECA75A66E1484724856AC758 /* Source Files */,
				56E8790679494BBABE49EA8B /* Header Files */,
				CD04818B63FB4174BFDD1360 /* CMakeLists.txt */,
			);
			name = build;
			sourceTree = "<group>";
		};
		78E8674F61E84121AB7CC0AF /* test_PlainFSA */ = {
			isa = PBXGroup;
			children = (
				68D957E3EB9F4EE99DEDD64C /* Source Files */,
				25A67636EF7D43A5978D9D02 /* Header Files */,
				9A5E9EF42E794F5EB9CF35B1 /* CMakeLists.txt */,
			);
			name = test_PlainFSA;
			sourceTree = "<group>";
		};
		7C62D3F2C5AE495694974AC5 = {
			isa = PBXGroup;
			children = (
				E256F6901EEC44D1A5D66D4E /* bench */,
				6A5F80D5AB0F448BB90A9101 /* build */,
				78E8674F61E84121AB7CC0AF /* test_PlainFSA */,
				D44907EAEF7441CA90060065 /* ALL_BUILD */,
				901107CB0E3840F89A34DF25 /* ZERO_CHECK */,
				A94E1141B95241C68D02E866 /* Products */,
			);
			sourceTree = "<group>";
		};
		875286092AB5436CB0A9A018 /* CMake Rules */ = {
			isa = PBXGroup;
			children = (
			);
			name = "CMake Rules";
			sourceTree = "<group>";
		};
		901107CB0E3840F89A34DF25 /* ZERO_CHECK */ = {
			isa = PBXGroup;
			children = (
				875286092AB5436CB0A9A018 /* CMake Rules */,
				0D22F824C4BD4935A0F8389D /* CMakeLists.txt */,
			);
			name = ZERO_CHECK;
			sourceTree = "<group>";
		};
		A94E1141B95241C68D02E866 /* Products */ = {
			isa = PBXGroup;
			children = (
				3CF1783C56D84AA5AD275F70 /* bench */,
				A4E232A145924E0987FC67DB /* build */,
				2E2BCE4BC5D54A06B4E53D3D /* test_PlainFSA */,
			);
			name = Products;
			sourceTree = "<group>";
		};
		CF76B0C235044976AD9A44E1 /* Source Files */ = {
			isa = PBXGroup;
			children = (
				FD453B3A207B452AA402D6CF /* ArrayDACFSABuilder.cpp */,
				B137B6EB58D94CACBED97D76 /* ArrayFSABuilder.cpp */,
				BC65D13A561949399202D35E /* ArrayFSATailBuilder.cpp */,
				E47C2EE6D96543CDBCCA5147 /* ArrayFSATailDACBuilder.cpp */,
				78E38FED491A40F78564102F /* DArrayFSABuilder.cpp */,
				FE3EAD3BE037408B8A86D3E9 /* PlainFSABuilder.cpp */,
				7D115E515E5648F3A12D5F1A /* StringDictBuilder.cpp */,
				8FAE1F7D98CA4903AA2ED478 /* bench.cpp */,
			);
			name = "Source Files";
			sourceTree = "<group>";
		};
		D44907EAEF7441CA90060065 /* ALL_BUILD */ = {
			isa = PBXGroup;
			children = (
				2E8C4ABE156F49D5B53F620A /* CMake Rules */,
				92FF4732165D418DB1BCF9F2 /* CMakeLists.txt */,
			);
			name = ALL_BUILD;
			sourceTree = "<group>";
		};
		E256F6901EEC44D1A5D66D4E /* bench */ = {
			isa = PBXGroup;
			children = (
				CF76B0C235044976AD9A44E1 /* Source Files */,
				FB3AD44449924BE0BBDA2B6E /* Header Files */,
				D9E13EC020944A3FB105BCD7 /* CMakeLists.txt */,
			);
			name = bench;
			sourceTree = "<group>";
		};
		ECA75A66E1484724856AC758 /* Source Files */ = {
			isa = PBXGroup;
			children = (
				CB18A3890B4847949BEABF33 /* ArrayDACFSABuilder.cpp */,
				B7D13EDC99C54DDAB3989269 /* ArrayFSABuilder.cpp */,
				67137E4D811741E1A1363710 /* ArrayFSATailBuilder.cpp */,
				A3C75B9F05844A6E9FC3F8BE /* ArrayFSATailDACBuilder.cpp */,
				B8528FF4EB1C43CDB0E19755 /* DArrayFSABuilder.cpp */,
				1DD4C23599FD4F1FB8F0280E /* PlainFSABuilder.cpp */,
				660131B80BCE4127A88EA131 /* StringDictBuilder.cpp */,
				752CE8659DD0451BA051BEA3 /* build.cpp */,
			);
			name = "Source Files";
			sourceTree = "<group>";
		};
		FB3AD44449924BE0BBDA2B6E /* Header Files */ = {
			isa = PBXGroup;
			children = (
				DBB7902741AA4278A47ED231 /* Accessory.hpp */,
				90CE62AA336046CD998646F6 /* ArrayDACFSA.hpp */,
				3F3F83D3A2E848F0A8B743C5 /* ArrayDACFSABuilder.hpp */,
				0C6B1F06C66343ACAFF401C5 /* ArrayDACFSARank.hpp */,
				1138AC887BD44B8F8951CC01 /* ArrayFSA.hpp */,
				1EF2630B9AD646AAB45A0B38 /* ArrayFSABuilder.hpp */,
				7C3C88D39D7249168EC05A37 /* ArrayFSATail.hpp */,
				9CF02409670C42D9B72DF8B6 /* ArrayFSATailBuilder.hpp */,
				AA539576EDD64D26B61D4D93 /* ArrayFSATailDAC.hpp */,
				E56E565D0B23415E8AC0F967 /* ArrayFSATailDACBuilder.hpp */,
				ECB45D5DDE494DF8833032C2 /* ArrayTri.hpp */,
				F654DBDB05DE421EB320B2EA /* Calc.hpp */,
				F94ADE28C0DB4E808B8DCA97 /* CheckAccessory.hpp */,
				298A623EC33E4B3B8DCEF1AA /* DArrayFSA.hpp */,
				9BA49F5D1BA343FBB78FA69C /* DArrayFSAFrame.hpp */,
				B56808563CBC444FA03A5E9C /* DacUnit.hpp */,
				A00AFA6879924EC0AF86D1B2 /* FinalAccessory.hpp */,
				3E0559667034432A94238A67 /* FsaTools.hpp */,
				4C3172F4C59E45D6999DA846 /* LookupAccessory.hpp */,
				0E9777121A1D4D9D80E86EBB /* MorfologikCFSA2.hpp */,
				8CFF739F3C4A4AE285E04DD5 /* MorfologikFSA5.hpp */,
				DAF531E25EC64BD48560636C /* NextAccessory.hpp */,
				A9335677205F45569AEF54DB /* PlainFSA.hpp */,
				BE53C807F00C43F9A0B2F0AC /* PlainFSABuilder.hpp */,
				885EF8C2EAD94756B47004F5 /* Rank.hpp */,
				3259EB0E42CC4D01A4D76376 /* StrDictData.hpp */,
				1B80EDA460004DF6930AB571 /* StringDict.hpp */,
				0FC4C50614A34CDB8419784D /* StringDictBuilder.hpp */,
				5502E1F969A747528021380A /* basic.hpp */,
			);
			name = "Header Files";
			sourceTree = "<group>";
		};
/* End PBXGroup section */

/* Begin PBXNativeTarget section */
		137AD7C95C7E497192D98401 /* bench */ = {
			isa = PBXNativeTarget;
			buildConfigurationList = F30588DBA6A54444B69A7500 /* Build configuration list for PBXNativeTarget "bench" */;
			buildPhases = (
				EAEBA11E7298440DB8051C74 /* Sources */,
			);
			buildRules = (
			);
			dependencies = (
				9EAF484F5DF242E3B1202FA3 /* PBXTargetDependency */,
			);
			name = bench;
			productName = bench;
			productReference = 3CF1783C56D84AA5AD275F70 /* bench */;
			productType = "com.apple.product-type.tool";
		};
		30C233E399B843DA8CEEE33B /* test_PlainFSA */ = {
			isa = PBXNativeTarget;
			buildConfigurationList = 463614B7DC7040D4B93413DA /* Build configuration list for PBXNativeTarget "test_PlainFSA" */;
			buildPhases = (
				AD48E051F4D3479391E27533 /* Sources */,
			);
			buildRules = (
			);
			dependencies = (
				BB46EC791340490F87E1F955 /* PBXTargetDependency */,
			);
			name = test_PlainFSA;
			productName = test_PlainFSA;
			productReference = 2E2BCE4BC5D54A06B4E53D3D /* test_PlainFSA */;
			productType = "com.apple.product-type.tool";
		};
		FD6B1C3B318A4FAEA29B53EC /* build */ = {
			isa = PBXNativeTarget;
			buildConfigurationList = F30E9CDDF21249CB90D7C76C /* Build configuration list for PBXNativeTarget "build" */;
			buildPhases = (
				F27C279A7F3248F29E8DC9FE /* Sources */,
			);
			buildRules = (
			);
			dependencies = (
				E9EE317E4C8E4E2EB0C08213 /* PBXTargetDependency */,
			);
			name = build;
			productName = build;
			productReference = A4E232A145924E0987FC67DB /* build */;
			productType = "com.apple.product-type.tool";
		};
/* End PBXNativeTarget section */

/* Begin PBXProject section */
		B537B4F2E8E34987BA684C0D /* Project object */ = {
			isa = PBXProject;
			attributes = {
				BuildIndependentTargetsInParallel = YES;
				LastUpgradeCheck = 0920;
			};
			buildConfigurationList = C0E1CC84AD4643499E44EDBF /* Build configuration list for PBXProject "array_fsa" */;
			compatibilityVersion = "Xcode 3.2";
			developmentRegion = en;
			hasScannedForEncodings = 0;
			knownRegions = (
				en,
			);
			mainGroup = 7C62D3F2C5AE495694974AC5;
			projectDirPath = "";
			projectRoot = "";
			targets = (
				B15429E0C80D4D3C9B3DF12F /* ALL_BUILD */,
				457329286FB9419581294C48 /* ZERO_CHECK */,
				137AD7C95C7E497192D98401 /* bench */,
				FD6B1C3B318A4FAEA29B53EC /* build */,
				30C233E399B843DA8CEEE33B /* test_PlainFSA */,
			);
		};
/* End PBXProject section */

/* Begin PBXShellScriptBuildPhase section */
		7B9AC9837A14433A8275776F /* CMake Rules */ = {
			isa = PBXShellScriptBuildPhase;
			buildActionMask = 2147483647;
			files = (
			);
			name = "CMake Rules";
			runOnlyForDeploymentPostprocessing = 0;
			shellPath = /bin/sh;
			shellScript = "make -C /Users/takumamatsumoto/Labolatory/array-fsa/array-fsa -f /Users/takumamatsumoto/Labolatory/array-fsa/array-fsa/CMakeScripts/ZERO_CHECK_cmakeRulesBuildPhase.make$CONFIGURATION all";
			showEnvVarsInLog = 0;
		};
		C0C1B6DA71554AEEB4C82F3E /* CMake Rules */ = {
			isa = PBXShellScriptBuildPhase;
			buildActionMask = 2147483647;
			files = (
			);
			name = "CMake Rules";
			runOnlyForDeploymentPostprocessing = 0;
			shellPath = /bin/sh;
			shellScript = "make -C /Users/takumamatsumoto/Labolatory/array-fsa/array-fsa -f /Users/takumamatsumoto/Labolatory/array-fsa/array-fsa/CMakeScripts/ALL_BUILD_cmakeRulesBuildPhase.make$CONFIGURATION all";
			showEnvVarsInLog = 0;
		};
/* End PBXShellScriptBuildPhase section */

/* Begin PBXSourcesBuildPhase section */
		AD48E051F4D3479391E27533 /* Sources */ = {
			isa = PBXSourcesBuildPhase;
			buildActionMask = 2147483647;
			files = (
				48517F139AC84217B46621F2 /* ArrayDACFSABuilder.cpp in Sources */,
				F455BCD2F2644508A2F0B025 /* ArrayFSABuilder.cpp in Sources */,
				4701590570BE4673A3E7AE21 /* ArrayFSATailBuilder.cpp in Sources */,
				D2AF0D57A23942FFA9F2210C /* ArrayFSATailDACBuilder.cpp in Sources */,
				28623D650D1940D0B1AF4538 /* DArrayFSABuilder.cpp in Sources */,
				D88B512424534B60B370C804 /* PlainFSABuilder.cpp in Sources */,
				F3F5FCF33FF0431B9C0824EF /* StringDictBuilder.cpp in Sources */,
				A045F83E053C46D088E0872D /* test_PlainFSA.cpp in Sources */,
			);
			runOnlyForDeploymentPostprocessing = 0;
		};
		EAEBA11E7298440DB8051C74 /* Sources */ = {
			isa = PBXSourcesBuildPhase;
			buildActionMask = 2147483647;
			files = (
				691FDAAB30B44293B8E71E46 /* ArrayDACFSABuilder.cpp in Sources */,
				067C42D8194F4AE19057405D /* ArrayFSABuilder.cpp in Sources */,
				0AF842CACA7F45DDB0123FA1 /* ArrayFSATailBuilder.cpp in Sources */,
				EBEEE288609B4DF5B62B797B /* ArrayFSATailDACBuilder.cpp in Sources */,
				28AF6F2A2E874598B217AAB9 /* DArrayFSABuilder.cpp in Sources */,
				A19D505390E84593B86220F7 /* PlainFSABuilder.cpp in Sources */,
				06E2FD5BED5E491C95A993CA /* StringDictBuilder.cpp in Sources */,
				E7AF85171B904F91A8AE17A1 /* bench.cpp in Sources */,
			);
			runOnlyForDeploymentPostprocessing = 0;
		};
		F27C279A7F3248F29E8DC9FE /* Sources */ = {
			isa = PBXSourcesBuildPhase;
			buildActionMask = 2147483647;
			files = (
				6C01F2975BA2452FB8F2124B /* ArrayDACFSABuilder.cpp in Sources */,
				7E198A713CB84029A371A3E3 /* ArrayFSABuilder.cpp in Sources */,
				CC6D16E6761048689747BFC1 /* ArrayFSATailBuilder.cpp in Sources */,
				3B13D7A6E3584FAD94E612BE /* ArrayFSATailDACBuilder.cpp in Sources */,
				2BE197A529F84F35A0F8A4BB /* DArrayFSABuilder.cpp in Sources */,
				3B76F5EB86C6418DBB06933A /* PlainFSABuilder.cpp in Sources */,
				DB1907266CC7450D806134C5 /* StringDictBuilder.cpp in Sources */,
				E7C74531A60E477F84FC9DF2 /* build.cpp in Sources */,
			);
			runOnlyForDeploymentPostprocessing = 0;
		};
/* End PBXSourcesBuildPhase section */

/* Begin PBXTargetDependency section */
		4D0D1F83F7EF46E9A6D36450 /* PBXTargetDependency */ = {
			isa = PBXTargetDependency;
			target = 137AD7C95C7E497192D98401 /* bench */;
			targetProxy = A959DD54A4C643E6A805BD45 /* PBXContainerItemProxy */;
		};
		5A70DFD993E24A8E870EBC72 /* PBXTargetDependency */ = {
			isa = PBXTargetDependency;
			target = FD6B1C3B318A4FAEA29B53EC /* build */;
			targetProxy = 7D3C410B4E7E43BCA4B43E06 /* PBXContainerItemProxy */;
		};
		6004C5B5F79E45E58E9C3C2E /* PBXTargetDependency */ = {
			isa = PBXTargetDependency;
			target = 30C233E399B843DA8CEEE33B /* test_PlainFSA */;
			targetProxy = 8D7626AA2DBC471B99143CCD /* PBXContainerItemProxy */;
		};
		6570386ED742415EBA9A5D34 /* PBXTargetDependency */ = {
			isa = PBXTargetDependency;
			target = 457329286FB9419581294C48 /* ZERO_CHECK */;
			targetProxy = F6867D8B10F3457FB234EF7E /* PBXContainerItemProxy */;
		};
		9EAF484F5DF242E3B1202FA3 /* PBXTargetDependency */ = {
			isa = PBXTargetDependency;
			target = 457329286FB9419581294C48 /* ZERO_CHECK */;
			targetProxy = 542796172D4A4D27B67FA151 /* PBXContainerItemProxy */;
		};
		BB46EC791340490F87E1F955 /* PBXTargetDependency */ = {
			isa = PBXTargetDependency;
			target = 457329286FB9419581294C48 /* ZERO_CHECK */;
			targetProxy = B852346BD25A4032BAF5EAA4 /* PBXContainerItemProxy */;
		};
		E9EE317E4C8E4E2EB0C08213 /* PBXTargetDependency */ = {
			isa = PBXTargetDependency;
			target = 457329286FB9419581294C48 /* ZERO_CHECK */;
			targetProxy = 4795D30AF1224FA7958100A0 /* PBXContainerItemProxy */;
		};
/* End PBXTargetDependency section */

/* Begin XCBuildConfiguration section */
		0E98EB366F6B45F499D71DC6 /* RelWithDebInfo */ = {
			isa = XCBuildConfiguration;
			buildSettings = {
				CLANG_WARN_CXX0X_EXTENSIONS = YES;
				CLANG_WARN_RANGE_LOOP_ANALYSIS = YES;
				CLANG_WARN_SUSPICIOUS_MOVE = YES;
				CLANG_WARN__EXIT_TIME_DESTRUCTORS = YES;
				COMBINE_HIDPI_IMAGES = YES;
				GCC_GENERATE_DEBUGGING_SYMBOLS = YES;
				GCC_INLINES_ARE_PRIVATE_EXTERN = NO;
				GCC_OPTIMIZATION_LEVEL = 0;
				GCC_PREPROCESSOR_DEFINITIONS = "'CMAKE_INTDIR=\"$(CONFIGURATION)$(EFFECTIVE_PLATFORM_NAME)\"'";
				GCC_SYMBOLS_PRIVATE_EXTERN = NO;
				GCC_WARN_HIDDEN_VIRTUAL_FUNCTIONS = YES;
				GCC_WARN_NON_VIRTUAL_DESTRUCTOR = YES;
				INSTALL_PATH = "";
				OTHER_LDFLAGS = " ";
				OTHER_REZFLAGS = "";
				PRODUCT_NAME = ALL_BUILD;
				SECTORDER_FLAGS = "";
				SYMROOT = "/Users/takumamatsumoto/Labolatory/array-fsa/array-fsa";
				USE_HEADERMAP = NO;
				WARNING_CFLAGS = (
					"-Wmost",
					"-Wno-four-char-constants",
					"-Wno-unknown-pragmas",
					"$(inherited)",
				);
			};
			name = RelWithDebInfo;
		};
		24F26B4140314CBE8E91A285 /* Debug */ = {
			isa = XCBuildConfiguration;
			buildSettings = {
				COMBINE_HIDPI_IMAGES = YES;
				GCC_GENERATE_DEBUGGING_SYMBOLS = YES;
				GCC_INLINES_ARE_PRIVATE_EXTERN = NO;
				GCC_OPTIMIZATION_LEVEL = 0;
				GCC_PREPROCESSOR_DEFINITIONS = "'CMAKE_INTDIR=\"$(CONFIGURATION)$(EFFECTIVE_PLATFORM_NAME)\"'";
				GCC_SYMBOLS_PRIVATE_EXTERN = NO;
				INSTALL_PATH = "";
				OTHER_LDFLAGS = " ";
				OTHER_REZFLAGS = "";
				PRODUCT_NAME = ZERO_CHECK;
				SECTORDER_FLAGS = "";
				SYMROOT = "/Users/takumamatsumoto/Labolatory/array-fsa/array-fsa";
				USE_HEADERMAP = NO;
				WARNING_CFLAGS = (
					"-Wmost",
					"-Wno-four-char-constants",
					"-Wno-unknown-pragmas",
					"$(inherited)",
				);
			};
			name = Debug;
		};
		39024762FCA34FB0A6D7FF17 /* RelWithDebInfo */ = {
			isa = XCBuildConfiguration;
			buildSettings = {
				COMBINE_HIDPI_IMAGES = YES;
				EXECUTABLE_PREFIX = "";
				EXECUTABLE_SUFFIX = "";
				GCC_GENERATE_DEBUGGING_SYMBOLS = YES;
				GCC_INLINES_ARE_PRIVATE_EXTERN = NO;
				GCC_OPTIMIZATION_LEVEL = 2;
				GCC_PREPROCESSOR_DEFINITIONS = "'CMAKE_INTDIR=\"$(CONFIGURATION)$(EFFECTIVE_PLATFORM_NAME)\"'";
				GCC_SYMBOLS_PRIVATE_EXTERN = NO;
				INSTALL_PATH = "";
				LIBRARY_SEARCH_PATHS = "";
				OTHER_CPLUSPLUSFLAGS = (
					"-Wall",
					"-std=c++1z",
					"-DNDEBUG",
				);
				OTHER_LDFLAGS = (
					"-Wl,-search_paths_first",
					"-Wl,-headerpad_max_install_names",
				);
				OTHER_REZFLAGS = "";
				PRODUCT_NAME = build;
				SECTORDER_FLAGS = "";
				SYMROOT = "/Users/takumamatsumoto/Labolatory/array-fsa/array-fsa";
				USE_HEADERMAP = NO;
				WARNING_CFLAGS = (
					"-Wmost",
					"-Wno-four-char-constants",
					"-Wno-unknown-pragmas",
					"$(inherited)",
				);
			};
			name = RelWithDebInfo;
		};
		3ACBDA62F5184B40A4DE63BE /* Release */ = {
			isa = XCBuildConfiguration;
			buildSettings = {
				COMBINE_HIDPI_IMAGES = YES;
				EXECUTABLE_PREFIX = "";
				EXECUTABLE_SUFFIX = "";
				GCC_GENERATE_DEBUGGING_SYMBOLS = NO;
				GCC_INLINES_ARE_PRIVATE_EXTERN = NO;
				GCC_OPTIMIZATION_LEVEL = 3;
				GCC_PREPROCESSOR_DEFINITIONS = "'CMAKE_INTDIR=\"$(CONFIGURATION)$(EFFECTIVE_PLATFORM_NAME)\"'";
				GCC_SYMBOLS_PRIVATE_EXTERN = NO;
				INSTALL_PATH = "";
				LIBRARY_SEARCH_PATHS = "";
				OTHER_CPLUSPLUSFLAGS = (
					"-Wall",
					"-std=c++1z",
					"-DNDEBUG",
				);
				OTHER_LDFLAGS = (
					"-Wl,-search_paths_first",
					"-Wl,-headerpad_max_install_names",
				);
				OTHER_REZFLAGS = "";
				PRODUCT_NAME = test_PlainFSA;
				SECTORDER_FLAGS = "";
				SYMROOT = "/Users/takumamatsumoto/Labolatory/array-fsa/array-fsa";
				USE_HEADERMAP = NO;
				WARNING_CFLAGS = (
					"-Wmost",
					"-Wno-four-char-constants",
					"-Wno-unknown-pragmas",
					"$(inherited)",
				);
			};
			name = Release;
		};
		3DEA21A62E1F4C058203A60E /* MinSizeRel */ = {
			isa = XCBuildConfiguration;
			buildSettings = {
				COMBINE_HIDPI_IMAGES = YES;
				EXECUTABLE_PREFIX = "";
				EXECUTABLE_SUFFIX = "";
				GCC_GENERATE_DEBUGGING_SYMBOLS = NO;
				GCC_INLINES_ARE_PRIVATE_EXTERN = NO;
				GCC_OPTIMIZATION_LEVEL = s;
				GCC_PREPROCESSOR_DEFINITIONS = "'CMAKE_INTDIR=\"$(CONFIGURATION)$(EFFECTIVE_PLATFORM_NAME)\"'";
				GCC_SYMBOLS_PRIVATE_EXTERN = NO;
				INSTALL_PATH = "";
				LIBRARY_SEARCH_PATHS = "";
				OTHER_CPLUSPLUSFLAGS = (
					"-Wall",
					"-std=c++1z",
					"-DNDEBUG",
				);
				OTHER_LDFLAGS = (
					"-Wl,-search_paths_first",
					"-Wl,-headerpad_max_install_names",
				);
				OTHER_REZFLAGS = "";
				PRODUCT_NAME = test_PlainFSA;
				SECTORDER_FLAGS = "";
				SYMROOT = "/Users/takumamatsumoto/Labolatory/array-fsa/array-fsa";
				USE_HEADERMAP = NO;
				WARNING_CFLAGS = (
					"-Wmost",
					"-Wno-four-char-constants",
					"-Wno-unknown-pragmas",
					"$(inherited)",
				);
			};
			name = MinSizeRel;
		};
		4A72E1359E72482FB09C38A0 /* MinSizeRel */ = {
			isa = XCBuildConfiguration;
			buildSettings = {
				CLANG_WARN_CXX0X_EXTENSIONS = YES;
				CLANG_WARN_RANGE_LOOP_ANALYSIS = YES;
				CLANG_WARN_SUSPICIOUS_MOVE = YES;
				CLANG_WARN__EXIT_TIME_DESTRUCTORS = YES;
				COMBINE_HIDPI_IMAGES = YES;
				GCC_GENERATE_DEBUGGING_SYMBOLS = YES;
				GCC_INLINES_ARE_PRIVATE_EXTERN = NO;
				GCC_OPTIMIZATION_LEVEL = 0;
				GCC_PREPROCESSOR_DEFINITIONS = "'CMAKE_INTDIR=\"$(CONFIGURATION)$(EFFECTIVE_PLATFORM_NAME)\"'";
				GCC_SYMBOLS_PRIVATE_EXTERN = NO;
				GCC_WARN_HIDDEN_VIRTUAL_FUNCTIONS = YES;
				GCC_WARN_NON_VIRTUAL_DESTRUCTOR = YES;
				INSTALL_PATH = "";
				OTHER_LDFLAGS = " ";
				OTHER_REZFLAGS = "";
				PRODUCT_NAME = ALL_BUILD;
				SECTORDER_FLAGS = "";
				SYMROOT = "/Users/takumamatsumoto/Labolatory/array-fsa/array-fsa";
				USE_HEADERMAP = NO;
				WARNING_CFLAGS = (
					"-Wmost",
					"-Wno-four-char-constants",
					"-Wno-unknown-pragmas",
					"$(inherited)",
				);
			};
			name = MinSizeRel;
		};
		5424663A519D4676AA84518E /* MinSizeRel */ = {
			isa = XCBuildConfiguration;
			buildSettings = {
				ONLY_ACTIVE_ARCH = YES;
				SDKROOT = /Applications/Xcode.app/Contents/Developer/Platforms/MacOSX.platform/Developer/SDKs/MacOSX10.13.sdk;
				SYMROOT = "/Users/takumamatsumoto/Labolatory/array-fsa/array-fsa/build";
			};
			name = MinSizeRel;
		};
		54EB8EB6380A497AB23AAD70 /* RelWithDebInfo */ = {
			isa = XCBuildConfiguration;
			buildSettings = {
				COMBINE_HIDPI_IMAGES = YES;
				EXECUTABLE_PREFIX = "";
				EXECUTABLE_SUFFIX = "";
				GCC_GENERATE_DEBUGGING_SYMBOLS = YES;
				GCC_INLINES_ARE_PRIVATE_EXTERN = NO;
				GCC_OPTIMIZATION_LEVEL = 2;
				GCC_PREPROCESSOR_DEFINITIONS = "'CMAKE_INTDIR=\"$(CONFIGURATION)$(EFFECTIVE_PLATFORM_NAME)\"'";
				GCC_SYMBOLS_PRIVATE_EXTERN = NO;
				INSTALL_PATH = "";
				LIBRARY_SEARCH_PATHS = "";
				OTHER_CPLUSPLUSFLAGS = (
					"-Wall",
					"-std=c++1z",
					"-DNDEBUG",
				);
				OTHER_LDFLAGS = (
					"-Wl,-search_paths_first",
					"-Wl,-headerpad_max_install_names",
				);
				OTHER_REZFLAGS = "";
				PRODUCT_NAME = test_PlainFSA;
				SECTORDER_FLAGS = "";
				SYMROOT = "/Users/takumamatsumoto/Labolatory/array-fsa/array-fsa";
				USE_HEADERMAP = NO;
				WARNING_CFLAGS = (
					"-Wmost",
					"-Wno-four-char-constants",
					"-Wno-unknown-pragmas",
					"$(inherited)",
				);
			};
			name = RelWithDebInfo;
		};
		7AF7631F0F9945D79CFAACCD /* Debug */ = {
			isa = XCBuildConfiguration;
			buildSettings = {
				ONLY_ACTIVE_ARCH = YES;
				SDKROOT = /Applications/Xcode.app/Contents/Developer/Platforms/MacOSX.platform/Developer/SDKs/MacOSX10.13.sdk;
				SYMROOT = "/Users/takumamatsumoto/Labolatory/array-fsa/array-fsa/build";
			};
			name = Debug;
		};
		8ABAF496EB5C43A0A2AC5A92 /* MinSizeRel */ = {
			isa = XCBuildConfiguration;
			buildSettings = {
				COMBINE_HIDPI_IMAGES = YES;
				EXECUTABLE_PREFIX = "";
				EXECUTABLE_SUFFIX = "";
				GCC_GENERATE_DEBUGGING_SYMBOLS = NO;
				GCC_INLINES_ARE_PRIVATE_EXTERN = NO;
				GCC_OPTIMIZATION_LEVEL = s;
				GCC_PREPROCESSOR_DEFINITIONS = "'CMAKE_INTDIR=\"$(CONFIGURATION)$(EFFECTIVE_PLATFORM_NAME)\"'";
				GCC_SYMBOLS_PRIVATE_EXTERN = NO;
				INSTALL_PATH = "";
				LIBRARY_SEARCH_PATHS = "";
				OTHER_CPLUSPLUSFLAGS = (
					"-Wall",
					"-std=c++1z",
					"-DNDEBUG",
				);
				OTHER_LDFLAGS = (
					"-Wl,-search_paths_first",
					"-Wl,-headerpad_max_install_names",
				);
				OTHER_REZFLAGS = "";
				PRODUCT_NAME = build;
				SECTORDER_FLAGS = "";
				SYMROOT = "/Users/takumamatsumoto/Labolatory/array-fsa/array-fsa";
				USE_HEADERMAP = NO;
				WARNING_CFLAGS = (
					"-Wmost",
					"-Wno-four-char-constants",
					"-Wno-unknown-pragmas",
					"$(inherited)",
				);
			};
			name = MinSizeRel;
		};
		92D8F2B1D8474CD5A6A67765 /* Release */ = {
			isa = XCBuildConfiguration;
			buildSettings = {
				COMBINE_HIDPI_IMAGES = YES;
				GCC_GENERATE_DEBUGGING_SYMBOLS = YES;
				GCC_INLINES_ARE_PRIVATE_EXTERN = NO;
				GCC_OPTIMIZATION_LEVEL = 0;
				GCC_PREPROCESSOR_DEFINITIONS = "'CMAKE_INTDIR=\"$(CONFIGURATION)$(EFFECTIVE_PLATFORM_NAME)\"'";
				GCC_SYMBOLS_PRIVATE_EXTERN = NO;
				INSTALL_PATH = "";
				OTHER_LDFLAGS = " ";
				OTHER_REZFLAGS = "";
				PRODUCT_NAME = ZERO_CHECK;
				SECTORDER_FLAGS = "";
				SYMROOT = "/Users/takumamatsumoto/Labolatory/array-fsa/array-fsa";
				USE_HEADERMAP = NO;
				WARNING_CFLAGS = (
					"-Wmost",
					"-Wno-four-char-constants",
					"-Wno-unknown-pragmas",
					"$(inherited)",
				);
			};
			name = Release;
		};
		990BE9934AC14E439AD2EB42 /* Release */ = {
			isa = XCBuildConfiguration;
			buildSettings = {
				COMBINE_HIDPI_IMAGES = YES;
				EXECUTABLE_PREFIX = "";
				EXECUTABLE_SUFFIX = "";
				GCC_GENERATE_DEBUGGING_SYMBOLS = NO;
				GCC_INLINES_ARE_PRIVATE_EXTERN = NO;
				GCC_OPTIMIZATION_LEVEL = 3;
				GCC_PREPROCESSOR_DEFINITIONS = "'CMAKE_INTDIR=\"$(CONFIGURATION)$(EFFECTIVE_PLATFORM_NAME)\"'";
				GCC_SYMBOLS_PRIVATE_EXTERN = NO;
				INSTALL_PATH = "";
				LIBRARY_SEARCH_PATHS = "";
				OTHER_CPLUSPLUSFLAGS = (
					"-Wall",
					"-std=c++1z",
					"-DNDEBUG",
				);
				OTHER_LDFLAGS = (
					"-Wl,-search_paths_first",
					"-Wl,-headerpad_max_install_names",
				);
				OTHER_REZFLAGS = "";
				PRODUCT_NAME = build;
				SECTORDER_FLAGS = "";
				SYMROOT = "/Users/takumamatsumoto/Labolatory/array-fsa/array-fsa";
				USE_HEADERMAP = NO;
				WARNING_CFLAGS = (
					"-Wmost",
					"-Wno-four-char-constants",
					"-Wno-unknown-pragmas",
					"$(inherited)",
				);
			};
			name = Release;
		};
		996BC9E4B0694C9BB0F81F5C /* MinSizeRel */ = {
			isa = XCBuildConfiguration;
			buildSettings = {
				COMBINE_HIDPI_IMAGES = YES;
				EXECUTABLE_PREFIX = "";
				EXECUTABLE_SUFFIX = "";
				GCC_GENERATE_DEBUGGING_SYMBOLS = NO;
				GCC_INLINES_ARE_PRIVATE_EXTERN = NO;
				GCC_OPTIMIZATION_LEVEL = s;
				GCC_PREPROCESSOR_DEFINITIONS = "'CMAKE_INTDIR=\"$(CONFIGURATION)$(EFFECTIVE_PLATFORM_NAME)\"'";
				GCC_SYMBOLS_PRIVATE_EXTERN = NO;
				INSTALL_PATH = "";
				LIBRARY_SEARCH_PATHS = "";
				OTHER_CPLUSPLUSFLAGS = (
					"-Wall",
					"-std=c++1z",
					"-DNDEBUG",
				);
				OTHER_LDFLAGS = (
					"-Wl,-search_paths_first",
					"-Wl,-headerpad_max_install_names",
				);
				OTHER_REZFLAGS = "";
				PRODUCT_NAME = bench;
				SECTORDER_FLAGS = "";
				SYMROOT = "/Users/takumamatsumoto/Labolatory/array-fsa/array-fsa";
				USE_HEADERMAP = NO;
				WARNING_CFLAGS = (
					"-Wmost",
					"-Wno-four-char-constants",
					"-Wno-unknown-pragmas",
					"$(inherited)",
				);
			};
			name = MinSizeRel;
		};
		9AD6662E71D848E8B2B5613B /* RelWithDebInfo */ = {
			isa = XCBuildConfiguration;
			buildSettings = {
				ONLY_ACTIVE_ARCH = YES;
				SDKROOT = /Applications/Xcode.app/Contents/Developer/Platforms/MacOSX.platform/Developer/SDKs/MacOSX10.13.sdk;
				SYMROOT = "/Users/takumamatsumoto/Labolatory/array-fsa/array-fsa/build";
			};
			name = RelWithDebInfo;
		};
		A0801B0BCC9D4805AC26596F /* Debug */ = {
			isa = XCBuildConfiguration;
			buildSettings = {
				CLANG_WARN_CXX0X_EXTENSIONS = YES;
				CLANG_WARN_RANGE_LOOP_ANALYSIS = YES;
				CLANG_WARN_SUSPICIOUS_MOVE = YES;
				CLANG_WARN__EXIT_TIME_DESTRUCTORS = YES;
				COMBINE_HIDPI_IMAGES = YES;
				GCC_GENERATE_DEBUGGING_SYMBOLS = YES;
				GCC_INLINES_ARE_PRIVATE_EXTERN = NO;
				GCC_OPTIMIZATION_LEVEL = 0;
				GCC_PREPROCESSOR_DEFINITIONS = "'CMAKE_INTDIR=\"$(CONFIGURATION)$(EFFECTIVE_PLATFORM_NAME)\"'";
				GCC_SYMBOLS_PRIVATE_EXTERN = NO;
				GCC_WARN_HIDDEN_VIRTUAL_FUNCTIONS = YES;
				GCC_WARN_NON_VIRTUAL_DESTRUCTOR = YES;
				INSTALL_PATH = "";
				OTHER_LDFLAGS = " ";
				OTHER_REZFLAGS = "";
				PRODUCT_NAME = ALL_BUILD;
				SECTORDER_FLAGS = "";
				SYMROOT = "/Users/takumamatsumoto/Labolatory/array-fsa/array-fsa";
				USE_HEADERMAP = NO;
				WARNING_CFLAGS = (
					"-Wmost",
					"-Wno-four-char-constants",
					"-Wno-unknown-pragmas",
					"$(inherited)",
				);
			};
			name = Debug;
		};
		A6BA31D305254BFD8FBCF4C2 /* Debug */ = {
			isa = XCBuildConfiguration;
			buildSettings = {
				COMBINE_HIDPI_IMAGES = YES;
				EXECUTABLE_PREFIX = "";
				EXECUTABLE_SUFFIX = "";
				GCC_GENERATE_DEBUGGING_SYMBOLS = YES;
				GCC_INLINES_ARE_PRIVATE_EXTERN = NO;
				GCC_OPTIMIZATION_LEVEL = 0;
				GCC_PREPROCESSOR_DEFINITIONS = "'CMAKE_INTDIR=\"$(CONFIGURATION)$(EFFECTIVE_PLATFORM_NAME)\"'";
				GCC_SYMBOLS_PRIVATE_EXTERN = NO;
				INSTALL_PATH = "";
				LIBRARY_SEARCH_PATHS = "";
				OTHER_CPLUSPLUSFLAGS = (
					"-Wall",
					"-std=c++1z",
				);
				OTHER_LDFLAGS = (
					"-Wl,-search_paths_first",
					"-Wl,-headerpad_max_install_names",
				);
				OTHER_REZFLAGS = "";
				PRODUCT_NAME = bench;
				SECTORDER_FLAGS = "";
				SYMROOT = "/Users/takumamatsumoto/Labolatory/array-fsa/array-fsa";
				USE_HEADERMAP = NO;
				WARNING_CFLAGS = (
					"-Wmost",
					"-Wno-four-char-constants",
					"-Wno-unknown-pragmas",
					"$(inherited)",
				);
			};
			name = Debug;
		};
		B69739A6BCA04981A30455F6 /* Release */ = {
			isa = XCBuildConfiguration;
			buildSettings = {
				COMBINE_HIDPI_IMAGES = YES;
				EXECUTABLE_PREFIX = "";
				EXECUTABLE_SUFFIX = "";
				GCC_GENERATE_DEBUGGING_SYMBOLS = NO;
				GCC_INLINES_ARE_PRIVATE_EXTERN = NO;
				GCC_OPTIMIZATION_LEVEL = 3;
				GCC_PREPROCESSOR_DEFINITIONS = "'CMAKE_INTDIR=\"$(CONFIGURATION)$(EFFECTIVE_PLATFORM_NAME)\"'";
				GCC_SYMBOLS_PRIVATE_EXTERN = NO;
				INSTALL_PATH = "";
				LIBRARY_SEARCH_PATHS = "";
				OTHER_CPLUSPLUSFLAGS = (
					"-Wall",
					"-std=c++1z",
					"-DNDEBUG",
				);
				OTHER_LDFLAGS = (
					"-Wl,-search_paths_first",
					"-Wl,-headerpad_max_install_names",
				);
				OTHER_REZFLAGS = "";
				PRODUCT_NAME = bench;
				SECTORDER_FLAGS = "";
				SYMROOT = "/Users/takumamatsumoto/Labolatory/array-fsa/array-fsa";
				USE_HEADERMAP = NO;
				WARNING_CFLAGS = (
					"-Wmost",
					"-Wno-four-char-constants",
					"-Wno-unknown-pragmas",
					"$(inherited)",
				);
			};
			name = Release;
		};
		D46CF5E4D2044932A797E0FB /* Release */ = {
			isa = XCBuildConfiguration;
			buildSettings = {
				CLANG_WARN_CXX0X_EXTENSIONS = YES;
				CLANG_WARN_RANGE_LOOP_ANALYSIS = YES;
				CLANG_WARN_SUSPICIOUS_MOVE = YES;
				CLANG_WARN__EXIT_TIME_DESTRUCTORS = YES;
				COMBINE_HIDPI_IMAGES = YES;
				GCC_GENERATE_DEBUGGING_SYMBOLS = YES;
				GCC_INLINES_ARE_PRIVATE_EXTERN = NO;
				GCC_OPTIMIZATION_LEVEL = 0;
				GCC_PREPROCESSOR_DEFINITIONS = "'CMAKE_INTDIR=\"$(CONFIGURATION)$(EFFECTIVE_PLATFORM_NAME)\"'";
				GCC_SYMBOLS_PRIVATE_EXTERN = NO;
				GCC_WARN_HIDDEN_VIRTUAL_FUNCTIONS = YES;
				GCC_WARN_NON_VIRTUAL_DESTRUCTOR = YES;
				INSTALL_PATH = "";
				OTHER_LDFLAGS = " ";
				OTHER_REZFLAGS = "";
				PRODUCT_NAME = ALL_BUILD;
				SECTORDER_FLAGS = "";
				SYMROOT = "/Users/takumamatsumoto/Labolatory/array-fsa/array-fsa";
				USE_HEADERMAP = NO;
				WARNING_CFLAGS = (
					"-Wmost",
					"-Wno-four-char-constants",
					"-Wno-unknown-pragmas",
					"$(inherited)",
				);
			};
			name = Release;
		};
		E2C50BBC3052476C9CA7AD0B /* Debug */ = {
			isa = XCBuildConfiguration;
			buildSettings = {
				COMBINE_HIDPI_IMAGES = YES;
				EXECUTABLE_PREFIX = "";
				EXECUTABLE_SUFFIX = "";
				GCC_GENERATE_DEBUGGING_SYMBOLS = YES;
				GCC_INLINES_ARE_PRIVATE_EXTERN = NO;
				GCC_OPTIMIZATION_LEVEL = 0;
				GCC_PREPROCESSOR_DEFINITIONS = "'CMAKE_INTDIR=\"$(CONFIGURATION)$(EFFECTIVE_PLATFORM_NAME)\"'";
				GCC_SYMBOLS_PRIVATE_EXTERN = NO;
				INSTALL_PATH = "";
				LIBRARY_SEARCH_PATHS = "";
				OTHER_CPLUSPLUSFLAGS = (
					"-Wall",
					"-std=c++1z",
				);
				OTHER_LDFLAGS = (
					"-Wl,-search_paths_first",
					"-Wl,-headerpad_max_install_names",
				);
				OTHER_REZFLAGS = "";
				PRODUCT_NAME = build;
				SECTORDER_FLAGS = "";
				SYMROOT = "/Users/takumamatsumoto/Labolatory/array-fsa/array-fsa";
				USE_HEADERMAP = NO;
				WARNING_CFLAGS = (
					"-Wmost",
					"-Wno-four-char-constants",
					"-Wno-unknown-pragmas",
					"$(inherited)",
				);
			};
			name = Debug;
		};
		E59CC0A549604987B5997FFB /* Release */ = {
			isa = XCBuildConfiguration;
			buildSettings = {
				ONLY_ACTIVE_ARCH = YES;
				SDKROOT = /Applications/Xcode.app/Contents/Developer/Platforms/MacOSX.platform/Developer/SDKs/MacOSX10.13.sdk;
				SYMROOT = "/Users/takumamatsumoto/Labolatory/array-fsa/array-fsa/build";
			};
			name = Release;
		};
		E9DF0C04E36741839051C569 /* Debug */ = {
			isa = XCBuildConfiguration;
			buildSettings = {
				COMBINE_HIDPI_IMAGES = YES;
				EXECUTABLE_PREFIX = "";
				EXECUTABLE_SUFFIX = "";
				GCC_GENERATE_DEBUGGING_SYMBOLS = YES;
				GCC_INLINES_ARE_PRIVATE_EXTERN = NO;
				GCC_OPTIMIZATION_LEVEL = 0;
				GCC_PREPROCESSOR_DEFINITIONS = "'CMAKE_INTDIR=\"$(CONFIGURATION)$(EFFECTIVE_PLATFORM_NAME)\"'";
				GCC_SYMBOLS_PRIVATE_EXTERN = NO;
				INSTALL_PATH = "";
				LIBRARY_SEARCH_PATHS = "";
				OTHER_CPLUSPLUSFLAGS = (
					"-Wall",
					"-std=c++1z",
				);
				OTHER_LDFLAGS = (
					"-Wl,-search_paths_first",
					"-Wl,-headerpad_max_install_names",
				);
				OTHER_REZFLAGS = "";
				PRODUCT_NAME = test_PlainFSA;
				SECTORDER_FLAGS = "";
				SYMROOT = "/Users/takumamatsumoto/Labolatory/array-fsa/array-fsa";
				USE_HEADERMAP = NO;
				WARNING_CFLAGS = (
					"-Wmost",
					"-Wno-four-char-constants",
					"-Wno-unknown-pragmas",
					"$(inherited)",
				);
			};
			name = Debug;
		};
		ECDFE2BFFC114B11975FE479 /* MinSizeRel */ = {
			isa = XCBuildConfiguration;
			buildSettings = {
				COMBINE_HIDPI_IMAGES = YES;
				GCC_GENERATE_DEBUGGING_SYMBOLS = YES;
				GCC_INLINES_ARE_PRIVATE_EXTERN = NO;
				GCC_OPTIMIZATION_LEVEL = 0;
				GCC_PREPROCESSOR_DEFINITIONS = "'CMAKE_INTDIR=\"$(CONFIGURATION)$(EFFECTIVE_PLATFORM_NAME)\"'";
				GCC_SYMBOLS_PRIVATE_EXTERN = NO;
				INSTALL_PATH = "";
				OTHER_LDFLAGS = " ";
				OTHER_REZFLAGS = "";
				PRODUCT_NAME = ZERO_CHECK;
				SECTORDER_FLAGS = "";
				SYMROOT = "/Users/takumamatsumoto/Labolatory/array-fsa/array-fsa";
				USE_HEADERMAP = NO;
				WARNING_CFLAGS = (
					"-Wmost",
					"-Wno-four-char-constants",
					"-Wno-unknown-pragmas",
					"$(inherited)",
				);
			};
			name = MinSizeRel;
		};
		F0342289B17B4F1E85829718 /* RelWithDebInfo */ = {
			isa = XCBuildConfiguration;
			buildSettings = {
				COMBINE_HIDPI_IMAGES = YES;
				GCC_GENERATE_DEBUGGING_SYMBOLS = YES;
				GCC_INLINES_ARE_PRIVATE_EXTERN = NO;
				GCC_OPTIMIZATION_LEVEL = 0;
				GCC_PREPROCESSOR_DEFINITIONS = "'CMAKE_INTDIR=\"$(CONFIGURATION)$(EFFECTIVE_PLATFORM_NAME)\"'";
				GCC_SYMBOLS_PRIVATE_EXTERN = NO;
				INSTALL_PATH = "";
				OTHER_LDFLAGS = " ";
				OTHER_REZFLAGS = "";
				PRODUCT_NAME = ZERO_CHECK;
				SECTORDER_FLAGS = "";
				SYMROOT = "/Users/takumamatsumoto/Labolatory/array-fsa/array-fsa";
				USE_HEADERMAP = NO;
				WARNING_CFLAGS = (
					"-Wmost",
					"-Wno-four-char-constants",
					"-Wno-unknown-pragmas",
					"$(inherited)",
				);
			};
			name = RelWithDebInfo;
		};
		F13079975ED044D799A8E25D /* RelWithDebInfo */ = {
			isa = XCBuildConfiguration;
			buildSettings = {
				COMBINE_HIDPI_IMAGES = YES;
				EXECUTABLE_PREFIX = "";
				EXECUTABLE_SUFFIX = "";
				GCC_GENERATE_DEBUGGING_SYMBOLS = YES;
				GCC_INLINES_ARE_PRIVATE_EXTERN = NO;
				GCC_OPTIMIZATION_LEVEL = 2;
				GCC_PREPROCESSOR_DEFINITIONS = "'CMAKE_INTDIR=\"$(CONFIGURATION)$(EFFECTIVE_PLATFORM_NAME)\"'";
				GCC_SYMBOLS_PRIVATE_EXTERN = NO;
				INSTALL_PATH = "";
				LIBRARY_SEARCH_PATHS = "";
				OTHER_CPLUSPLUSFLAGS = (
					"-Wall",
					"-std=c++1z",
					"-DNDEBUG",
				);
				OTHER_LDFLAGS = (
					"-Wl,-search_paths_first",
					"-Wl,-headerpad_max_install_names",
				);
				OTHER_REZFLAGS = "";
				PRODUCT_NAME = bench;
				SECTORDER_FLAGS = "";
				SYMROOT = "/Users/takumamatsumoto/Labolatory/array-fsa/array-fsa";
				USE_HEADERMAP = NO;
				WARNING_CFLAGS = (
					"-Wmost",
					"-Wno-four-char-constants",
					"-Wno-unknown-pragmas",
					"$(inherited)",
				);
			};
			name = RelWithDebInfo;
		};
/* End XCBuildConfiguration section */

/* Begin XCConfigurationList section */
		1BD9AB4E2A0843CB92A28A5A /* Build configuration list for PBXAggregateTarget "ALL_BUILD" */ = {
			isa = XCConfigurationList;
			buildConfigurations = (
				A0801B0BCC9D4805AC26596F /* Debug */,
				D46CF5E4D2044932A797E0FB /* Release */,
				4A72E1359E72482FB09C38A0 /* MinSizeRel */,
				0E98EB366F6B45F499D71DC6 /* RelWithDebInfo */,
			);
			defaultConfigurationIsVisible = 0;
			defaultConfigurationName = Debug;
		};
		463614B7DC7040D4B93413DA /* Build configuration list for PBXNativeTarget "test_PlainFSA" */ = {
			isa = XCConfigurationList;
			buildConfigurations = (
				E9DF0C04E36741839051C569 /* Debug */,
				3ACBDA62F5184B40A4DE63BE /* Release */,
				3DEA21A62E1F4C058203A60E /* MinSizeRel */,
				54EB8EB6380A497AB23AAD70 /* RelWithDebInfo */,
			);
			defaultConfigurationIsVisible = 0;
			defaultConfigurationName = Debug;
		};
		9465815791054A91881B1FA6 /* Build configuration list for PBXAggregateTarget "ZERO_CHECK" */ = {
			isa = XCConfigurationList;
			buildConfigurations = (
				24F26B4140314CBE8E91A285 /* Debug */,
				92D8F2B1D8474CD5A6A67765 /* Release */,
				ECDFE2BFFC114B11975FE479 /* MinSizeRel */,
				F0342289B17B4F1E85829718 /* RelWithDebInfo */,
			);
			defaultConfigurationIsVisible = 0;
			defaultConfigurationName = Debug;
		};
		C0E1CC84AD4643499E44EDBF /* Build configuration list for PBXProject "array_fsa" */ = {
			isa = XCConfigurationList;
			buildConfigurations = (
				7AF7631F0F9945D79CFAACCD /* Debug */,
				E59CC0A549604987B5997FFB /* Release */,
				5424663A519D4676AA84518E /* MinSizeRel */,
				9AD6662E71D848E8B2B5613B /* RelWithDebInfo */,
			);
			defaultConfigurationIsVisible = 0;
			defaultConfigurationName = Debug;
		};
		F30588DBA6A54444B69A7500 /* Build configuration list for PBXNativeTarget "bench" */ = {
			isa = XCConfigurationList;
			buildConfigurations = (
				A6BA31D305254BFD8FBCF4C2 /* Debug */,
				B69739A6BCA04981A30455F6 /* Release */,
				996BC9E4B0694C9BB0F81F5C /* MinSizeRel */,
				F13079975ED044D799A8E25D /* RelWithDebInfo */,
			);
			defaultConfigurationIsVisible = 0;
			defaultConfigurationName = Debug;
		};
		F30E9CDDF21249CB90D7C76C /* Build configuration list for PBXNativeTarget "build" */ = {
			isa = XCConfigurationList;
			buildConfigurations = (
				E2C50BBC3052476C9CA7AD0B /* Debug */,
				990BE9934AC14E439AD2EB42 /* Release */,
				8ABAF496EB5C43A0A2AC5A92 /* MinSizeRel */,
				39024762FCA34FB0A6D7FF17 /* RelWithDebInfo */,
			);
			defaultConfigurationIsVisible = 0;
			defaultConfigurationName = Debug;
		};
/* End XCConfigurationList section */
	};
	rootObject = B537B4F2E8E34987BA684C0D /* Project object */;
}
